# This file is generated by running "yarn install" inside your project.
# Manual changes might be lost - proceed with caution!

__metadata:
  version: 6
  cacheKey: 8

"@discordjs/builders@npm:^0.11.0":
  version: 0.11.0
  resolution: "@discordjs/builders@npm:0.11.0"
  dependencies:
    "@sindresorhus/is": ^4.2.0
    discord-api-types: ^0.26.0
    ts-mixer: ^6.0.0
    tslib: ^2.3.1
    zod: ^3.11.6
  checksum: 7a25b59bb52d2e3695bca27946a99cf2de95b7edd5be424ea9f4707a465524be21263e25e532e12438e99f9f55fb98b033885c760aeb96424b8c12f663f50760
  languageName: node
  linkType: hard

"@discordjs/builders@npm:^0.12.0":
  version: 0.12.0
  resolution: "@discordjs/builders@npm:0.12.0"
  dependencies:
    "@sindresorhus/is": ^4.3.0
    discord-api-types: ^0.26.1
    ts-mixer: ^6.0.0
    tslib: ^2.3.1
    zod: ^3.11.6
  checksum: 3c4ef256371121938d5d75571e19f0697b1575dd9fb31a7ca47337d00a1ec45b2c1ce19a1261650a5f6393ac4116f8ed9e82120ce5de534be562dde919a2a6d7
  languageName: node
  linkType: hard

"@discordjs/collection@npm:^0.4.0":
  version: 0.4.0
  resolution: "@discordjs/collection@npm:0.4.0"
  checksum: fa8fc4246921f3230eb6c5d6d4dc0caf9dd659fcc903175944edf4fb0a9ed9913fdf164733d3f1e644ef469bc79b0d38a526ee620b92169cb40e79b40b0c716b
  languageName: node
  linkType: hard

"@discordjs/collection@npm:^0.5.0":
  version: 0.5.0
  resolution: "@discordjs/collection@npm:0.5.0"
  checksum: a228979bb5f955cf095ce47441c55d0196cd99ff8484b57d26a45e58506c6646d776a98a9e11b822aab4e15fb2ac1aecfdebc63cde8ab7d04d3d74b716e80144
  languageName: node
  linkType: hard

"@sapphire/async-queue@npm:^1.1.9":
  version: 1.3.0
  resolution: "@sapphire/async-queue@npm:1.3.0"
  checksum: 267a3970ac93aaffc9886582c39ca23a345e8d472042200635044d7e5c48f615d389623de5e6679c4fa335b554357faf872e1e32098b33e5d700099345d29559
  languageName: node
  linkType: hard

"@sapphire/decorators@npm:^4.3.3":
  version: 4.3.3
  resolution: "@sapphire/decorators@npm:4.3.3"
  dependencies:
    tslib: ^2.3.1
  checksum: adcd62ee023744617a3b57f1bfb90199592cb2451140794d5222cac46f2560a493171bd7d00079f814029faa2c3669abd2a79abb4d7caf10b8314298d0e6a65a
  languageName: node
  linkType: hard

"@sapphire/discord-utilities@npm:^2.10.2":
  version: 2.10.2
  resolution: "@sapphire/discord-utilities@npm:2.10.2"
  dependencies:
    twemoji-parser: ^14.0.0
  checksum: b3b0c62b590f935e9bed25af7c657e048de59a730dfa6c08cd1900f741959e7824849ba7d675aa2ec7e45c0b7aa641c4dec327aec68ef93ecf2850140e1b4393
  languageName: node
  linkType: hard

"@sapphire/discord.js-utilities@npm:^4.9.2":
  version: 4.9.2
  resolution: "@sapphire/discord.js-utilities@npm:4.9.2"
  dependencies:
    "@sapphire/discord-utilities": ^2.10.2
    "@sapphire/time-utilities": ^1.7.2
    "@sapphire/utilities": ^3.6.0
    tslib: ^2.3.1
  checksum: 5eb16626c1e588ab84f62eafd9dacb09a17769f2bce95df0db2978fc37208f3abcad91481ad6f5ac7f99254582bcbc5de3fee32c1878ea2f4a33038d2718bb2c
  languageName: node
  linkType: hard

"@sapphire/discord.js-utilities@npm:^4.9.3":
  version: 4.9.3
  resolution: "@sapphire/discord.js-utilities@npm:4.9.3"
  dependencies:
    "@sapphire/discord-utilities": ^2.10.2
    "@sapphire/time-utilities": ^1.7.3
    "@sapphire/utilities": ^3.6.1
    tslib: ^2.3.1
  checksum: d923cd95df1993764aaa918e41c4b7331cfb3220ad8fbf420c498321c33b6bbaf298a5c34dbe7a000797d9b9f280eb043757cc14a933d6e2418f9b485d0c71c6
  languageName: node
  linkType: hard

"@sapphire/framework@npm:next":
  version: 3.0.0-next.47c24d1.0
  resolution: "@sapphire/framework@npm:3.0.0-next.47c24d1.0"
  dependencies:
    "@sapphire/discord-utilities": ^2.10.2
    "@sapphire/discord.js-utilities": ^4.9.2
    "@sapphire/pieces": ^3.3.0
    "@sapphire/ratelimits": ^2.4.2
    "@sapphire/result": ^1.1.0
    "@sapphire/stopwatch": ^1.4.0
    "@sapphire/utilities": ^3.6.0
    lexure: ^0.17.0
    tslib: ^2.3.1
  checksum: 84be46ee0ed5591b64c78814c6b6c6fcbdc59f784ac4895f85336ce6edc7eaaf8ad6325e31b141ab9e38c07b505d2aedc6b6cf568bdee9d9d9f17d2f884cfbe7
  languageName: node
  linkType: hard

"@sapphire/pieces@npm:^3.3.0":
  version: 3.3.0
  resolution: "@sapphire/pieces@npm:3.3.0"
  dependencies:
    "@discordjs/collection": ^0.5.0
    "@sapphire/utilities": ^3.4.0
    tslib: ^2.3.1
  checksum: cd1debbc200b29dd051ce7828754a6f60d0835c0d17eb5f12f7752aa4cd18cb06a925ef06d047139de50243e80855db64dc73c99136281b90d8d49b209b4731c
  languageName: node
  linkType: hard

"@sapphire/plugin-logger@npm:^2.2.0":
  version: 2.2.0
  resolution: "@sapphire/plugin-logger@npm:2.2.0"
  dependencies:
    "@sapphire/time-utilities": ^1.6.0
    colorette: ^2.0.16
    tslib: ^2.3.1
  checksum: 4c95a078a36a8aeb75c41c1282b42b50a732ac3b118089d11e60498b702676eee6745ecd69bf9b778adb7fa39c2884d6629a6e4048b15ccd390262d3b0a4ee02
  languageName: node
  linkType: hard

"@sapphire/ratelimits@npm:^2.4.2":
  version: 2.4.3
  resolution: "@sapphire/ratelimits@npm:2.4.3"
  dependencies:
    "@sapphire/time-utilities": ^1.7.3
  checksum: e53ce2aaf7c93b0fdf2b0a1b59e374c1c1b54675e0adcf921badb7f5f52f4ac223c1eeb45dfbf18f5efe474fde4de53eb6f75355adefd6448b3cd2f399140ba7
  languageName: node
  linkType: hard

"@sapphire/result@npm:^1.1.0":
  version: 1.1.0
  resolution: "@sapphire/result@npm:1.1.0"
  checksum: 5e838f54c2376d2992ca2d7f0ca13b22e849120f07b834ce9349c9d47e9e730ba1a04c72073d22f63a18eae0c89eca23bdc487e8d18113b654c62137c625cf79
  languageName: node
  linkType: hard

"@sapphire/stopwatch@npm:^1.4.0":
  version: 1.4.0
  resolution: "@sapphire/stopwatch@npm:1.4.0"
  dependencies:
    tslib: ^2.3.1
  checksum: 8e3c92c4643f20284d6591ac20f6231ff2562c66e39cd5ad962208cfb661d1dd04e4ac13813013e892b99d83524317fdee2df6f27fa5464f56164f1fd1034b8a
  languageName: node
  linkType: hard

"@sapphire/time-utilities@npm:^1.6.0, @sapphire/time-utilities@npm:^1.7.2":
  version: 1.7.2
  resolution: "@sapphire/time-utilities@npm:1.7.2"
  dependencies:
    "@sapphire/utilities": ^3.6.0
  checksum: 32194be1fa521e76b8fff4d0db6e93573efe8fdcfc4e935fe64f41ec6c0abbcf22a864be1204111c7741a4fe5becf2e772170bcc8613f0589dbefeb886b9dac2
  languageName: node
  linkType: hard

"@sapphire/time-utilities@npm:^1.7.3":
  version: 1.7.3
  resolution: "@sapphire/time-utilities@npm:1.7.3"
  dependencies:
    "@sapphire/utilities": ^3.6.1
  checksum: 691ae63089e0fdd451dadb740b6a5a5e05eb853f7144f5c389c2a2ade2c74952d25029485323e69d1db6ca89239a344b9a8b6e089c8d8281ae0d3b256ecc1c06
  languageName: node
  linkType: hard

"@sapphire/ts-config@npm:^3.3.3":
  version: 3.3.3
  resolution: "@sapphire/ts-config@npm:3.3.3"
  dependencies:
    tslib: ^2.3.1
    typescript: ^4.6.2
  checksum: e4a5ed72791629b225b815537ddc040981559cceca87c01559359a5cb58e836182a838b44d7c0988de7b0dc32b8d1fc27390ad0062f8fbf865417baf666170a1
  languageName: node
  linkType: hard

"@sapphire/utilities@npm:^3.4.0, @sapphire/utilities@npm:^3.6.1":
  version: 3.6.1
  resolution: "@sapphire/utilities@npm:3.6.1"
  checksum: 0a1479c7cb3f10455906d91a43e9457aec97155f5821d00d572920c0ee25e7842310e8af3ed0e2c967b8adc256016f38b4c3bf8f17843613bcb6754dbe5d9599
  languageName: node
  linkType: hard

"@sapphire/utilities@npm:^3.6.0":
  version: 3.6.0
  resolution: "@sapphire/utilities@npm:3.6.0"
  checksum: bb46f3590f8e609ca1aa492d2347a99fe79e75768a6592f47b4915dcdc93e0d933026d3ad4e872d75d84ba45a3afe27c940149f11931b299e8dc228b5f7e87ab
  languageName: node
  linkType: hard

"@sindresorhus/is@npm:^4.2.0, @sindresorhus/is@npm:^4.3.0":
  version: 4.6.0
  resolution: "@sindresorhus/is@npm:4.6.0"
  checksum: 83839f13da2c29d55c97abc3bc2c55b250d33a0447554997a85c539e058e57b8da092da396e252b11ec24a0279a0bed1f537fa26302209327060643e327f81d2
  languageName: node
  linkType: hard

"@types/node-fetch@npm:^2.5.12":
  version: 2.6.1
  resolution: "@types/node-fetch@npm:2.6.1"
  dependencies:
    "@types/node": "*"
    form-data: ^3.0.0
  checksum: a3e5d7f413d1638d795dff03f7b142b1b0e0c109ed210479000ce7b3ea11f9a6d89d9a024c96578d9249570c5fe5287a5f0f4aaba98199222230196ff2d6b283
  languageName: node
  linkType: hard

"@types/node@npm:*":
  version: 17.0.21
  resolution: "@types/node@npm:17.0.21"
  checksum: 89dcd2fe82f21d3634266f8384e9c865cf8af49685639fbdbd799bdd1040480fb1e8eeda2d3b9fce41edbe704d2a4be9f427118c4ae872e8d9bb7cbeb3c41a94
  languageName: node
  linkType: hard

"@types/node@npm:^16.6.2":
  version: 16.11.26
  resolution: "@types/node@npm:16.11.26"
  checksum: 57757caaba3f0d95de82198cb276a1002c49b710108c932a1d02d7c91ff2fa57cfe2dd19fde60853b6dd90b0964b3cf35557981d2628e20aed6a909057aedfe6
  languageName: node
  linkType: hard

"@types/ws@npm:^8.2.2":
  version: 8.5.3
  resolution: "@types/ws@npm:8.5.3"
  dependencies:
    "@types/node": "*"
  checksum: 0ce46f850d41383fcdc2149bcacc86d7232fa7a233f903d2246dff86e31701a02f8566f40af5f8b56d1834779255c04ec6ec78660fe0f9b2a69cf3d71937e4ae
  languageName: node
  linkType: hard

"ansi-regex@npm:^5.0.1":
  version: 5.0.1
  resolution: "ansi-regex@npm:5.0.1"
  checksum: 2aa4bb54caf2d622f1afdad09441695af2a83aa3fe8b8afa581d205e57ed4261c183c4d3877cee25794443fde5876417d859c108078ab788d6af7e4fe52eb66b
  languageName: node
  linkType: hard

"asynckit@npm:^0.4.0":
  version: 0.4.0
  resolution: "asynckit@npm:0.4.0"
  checksum: 7b78c451df768adba04e2d02e63e2d0bf3b07adcd6e42b4cf665cb7ce899bedd344c69a1dcbce355b5f972d597b25aaa1c1742b52cffd9caccb22f348114f6be
  languageName: node
  linkType: hard

"axios-rate-limit@npm:^1.3.0":
  version: 1.3.0
  resolution: "axios-rate-limit@npm:1.3.0"
  peerDependencies:
    axios: "*"
  checksum: 19e963732231d2a0c35c19b0603aa4aeeb55a52bab5edd75908d6df1df86978afb7525b9e79fa17dca281d8d6132072c7f269d9cb90867d0a58da4f713a6dea1
  languageName: node
  linkType: hard

"axios@npm:^0.26.1":
  version: 0.26.1
  resolution: "axios@npm:0.26.1"
  dependencies:
    follow-redirects: ^1.14.8
  checksum: d9eb58ff4bc0b36a04783fc9ff760e9245c829a5a1052ee7ca6013410d427036b1d10d04e7380c02f3508c5eaf3485b1ae67bd2adbfec3683704745c8d7a6e1a
  languageName: node
  linkType: hard

"colorette@npm:^2.0.16":
  version: 2.0.16
  resolution: "colorette@npm:2.0.16"
  checksum: cd55596a3a2d1071c1a28eee7fd8a5387593ff1bd10a3e8d0a6221499311fe34a9f2b9272d77c391e0e003dcdc8934fb2f8d106e7ef1f7516f8060c901d41a27
  languageName: node
  linkType: hard

"combined-stream@npm:^1.0.8":
  version: 1.0.8
  resolution: "combined-stream@npm:1.0.8"
  dependencies:
    delayed-stream: ~1.0.0
  checksum: 49fa4aeb4916567e33ea81d088f6584749fc90c7abec76fd516bf1c5aa5c79f3584b5ba3de6b86d26ddd64bae5329c4c7479343250cfe71c75bb366eae53bb7c
  languageName: node
  linkType: hard

"cross-spawn@npm:^7.0.3":
  version: 7.0.3
  resolution: "cross-spawn@npm:7.0.3"
  dependencies:
    path-key: ^3.1.0
    shebang-command: ^2.0.0
    which: ^2.0.1
  checksum: 671cc7c7288c3a8406f3c69a3ae2fc85555c04169e9d611def9a675635472614f1c0ed0ef80955d5b6d4e724f6ced67f0ad1bb006c2ea643488fcfef994d7f52
  languageName: node
  linkType: hard

"delayed-stream@npm:~1.0.0":
  version: 1.0.0
  resolution: "delayed-stream@npm:1.0.0"
  checksum: 46fe6e83e2cb1d85ba50bd52803c68be9bd953282fa7096f51fc29edd5d67ff84ff753c51966061e5ba7cb5e47ef6d36a91924eddb7f3f3483b1c560f77a0020
  languageName: node
  linkType: hard

"discord-api-types@npm:^0.26.0, discord-api-types@npm:^0.26.1":
  version: 0.26.1
  resolution: "discord-api-types@npm:0.26.1"
  checksum: e53bfa7589b24108e6b403dbe213da34c4592f72e2b8fde6800dcb6c703065887ecbd644e1cdf694e4c7796954bc51462ced868f26ec45dc1e0dc4fa8d3c723c
  languageName: node
  linkType: hard

"discord.js@npm:^13.6.0":
  version: 13.6.0
  resolution: "discord.js@npm:13.6.0"
  dependencies:
    "@discordjs/builders": ^0.11.0
    "@discordjs/collection": ^0.4.0
    "@sapphire/async-queue": ^1.1.9
    "@types/node-fetch": ^2.5.12
    "@types/ws": ^8.2.2
    discord-api-types: ^0.26.0
    form-data: ^4.0.0
    node-fetch: ^2.6.1
    ws: ^8.4.0
  checksum: 59c1297fbebf9b25c90ea125808bc9177c134fd7c481f82ace636ab88cfdc90bc6ec777c844d375d26231fc1664a67e80a1aad2aed484b808e4cd7d55cc1d9e3
  languageName: node
  linkType: hard

"dotenv@npm:^16.0.0":
  version: 16.0.0
  resolution: "dotenv@npm:16.0.0"
  checksum: 664cebb51f0a9a1d1b930f51f0271e72e26d62feaecc9dc03df39453dd494b4e724809ca480fb3ec3213382b1ed3f791aaeb83569a137f9329ce58efd4853dbf
  languageName: node
  linkType: hard

"duplexer@npm:~0.1.1":
  version: 0.1.2
  resolution: "duplexer@npm:0.1.2"
  checksum: 62ba61a830c56801db28ff6305c7d289b6dc9f859054e8c982abd8ee0b0a14d2e9a8e7d086ffee12e868d43e2bbe8a964be55ddbd8c8957714c87373c7a4f9b0
  languageName: node
  linkType: hard

"event-stream@npm:=3.3.4":
  version: 3.3.4
  resolution: "event-stream@npm:3.3.4"
  dependencies:
    duplexer: ~0.1.1
    from: ~0
    map-stream: ~0.1.0
    pause-stream: 0.0.11
    split: 0.3
    stream-combiner: ~0.0.4
    through: ~2.3.1
  checksum: 80b467820b6daf824d9fb4345d2daf115a056e5c104463f2e98534e92d196a27f2df5ea2aa085624db26f4c45698905499e881d13bc7c01f7a13eac85be72a22
  languageName: node
  linkType: hard

"follow-redirects@npm:^1.14.8":
  version: 1.14.9
  resolution: "follow-redirects@npm:1.14.9"
  peerDependenciesMeta:
    debug:
      optional: true
  checksum: f5982e0eb481818642492d3ca35a86989c98af1128b8e1a62911a3410621bc15d2b079e8170b35b19d3bdee770b73ed431a257ed86195af773771145baa57845
  languageName: node
  linkType: hard

"form-data@npm:^3.0.0":
  version: 3.0.1
  resolution: "form-data@npm:3.0.1"
  dependencies:
    asynckit: ^0.4.0
    combined-stream: ^1.0.8
    mime-types: ^2.1.12
  checksum: b019e8d35c8afc14a2bd8a7a92fa4f525a4726b6d5a9740e8d2623c30e308fbb58dc8469f90415a856698933c8479b01646a9dff33c87cc4e76d72aedbbf860d
  languageName: node
  linkType: hard

"form-data@npm:^4.0.0":
  version: 4.0.0
  resolution: "form-data@npm:4.0.0"
  dependencies:
    asynckit: ^0.4.0
    combined-stream: ^1.0.8
    mime-types: ^2.1.12
  checksum: 01135bf8675f9d5c61ff18e2e2932f719ca4de964e3be90ef4c36aacfc7b9cb2fceb5eca0b7e0190e3383fe51c5b37f4cb80b62ca06a99aaabfcfd6ac7c9328c
  languageName: node
  linkType: hard

"from@npm:~0":
  version: 0.1.7
  resolution: "from@npm:0.1.7"
  checksum: b85125b7890489656eb2e4f208f7654a93ec26e3aefaf3bbbcc0d496fc1941e4405834fcc9fe7333192aa2187905510ace70417bbf9ac6f6f4784a731d986939
  languageName: node
  linkType: hard

"isexe@npm:^2.0.0":
  version: 2.0.0
  resolution: "isexe@npm:2.0.0"
  checksum: 26bf6c5480dda5161c820c5b5c751ae1e766c587b1f951ea3fcfc973bafb7831ae5b54a31a69bd670220e42e99ec154475025a468eae58ea262f813fdc8d1c62
  languageName: node
  linkType: hard

"lexure@npm:^0.17.0":
  version: 0.17.0
  resolution: "lexure@npm:0.17.0"
  checksum: 95797b0ada9452bcdfdd30997572ab1673de1b2583a5af2fa309aa3587ec3b95ba361880b333ed446a6b0f07764b6d8d2cf1d72083c61fa9f96c06181f194453
  languageName: node
  linkType: hard

"map-stream@npm:~0.1.0":
  version: 0.1.0
  resolution: "map-stream@npm:0.1.0"
  checksum: 38abbe4eb883888031e6b2fc0630bc583c99396be16b8ace5794b937b682a8a081f03e8b15bfd4914d1bc88318f0e9ac73ba3512ae65955cd449f63256ddb31d
  languageName: node
  linkType: hard

"mime-db@npm:1.52.0":
  version: 1.52.0
  resolution: "mime-db@npm:1.52.0"
  checksum: 0d99a03585f8b39d68182803b12ac601d9c01abfa28ec56204fa330bc9f3d1c5e14beb049bafadb3dbdf646dfb94b87e24d4ec7b31b7279ef906a8ea9b6a513f
  languageName: node
  linkType: hard

"mime-types@npm:^2.1.12":
  version: 2.1.35
  resolution: "mime-types@npm:2.1.35"
  dependencies:
    mime-db: 1.52.0
  checksum: 89a5b7f1def9f3af5dad6496c5ed50191ae4331cc5389d7c521c8ad28d5fdad2d06fd81baf38fed813dc4e46bb55c8145bb0ff406330818c9cf712fb2e9b3836
  languageName: node
  linkType: hard

"node-cleanup@npm:^2.1.2":
  version: 2.1.2
  resolution: "node-cleanup@npm:2.1.2"
  checksum: 584cdc3e42560a998b4579f91ed8f936b27011628f3102e5a1093205f0691cdf8d899287d1f2e4d2071ea4ab1d615810bad6dbe2b988ef173a1cbaa76d8165b3
  languageName: node
  linkType: hard

"node-fetch@npm:^2.6.1":
  version: 2.6.7
  resolution: "node-fetch@npm:2.6.7"
  dependencies:
    whatwg-url: ^5.0.0
  peerDependencies:
    encoding: ^0.1.0
  peerDependenciesMeta:
    encoding:
      optional: true
  checksum: 8d816ffd1ee22cab8301c7756ef04f3437f18dace86a1dae22cf81db8ef29c0bf6655f3215cb0cdb22b420b6fe141e64b26905e7f33f9377a7fa59135ea3e10b
  languageName: node
  linkType: hard

"path-key@npm:^3.1.0":
  version: 3.1.1
  resolution: "path-key@npm:3.1.1"
  checksum: 55cd7a9dd4b343412a8386a743f9c746ef196e57c823d90ca3ab917f90ab9f13dd0ded27252ba49dbdfcab2b091d998bc446f6220cd3cea65db407502a740020
  languageName: node
  linkType: hard

"pause-stream@npm:0.0.11":
  version: 0.0.11
  resolution: "pause-stream@npm:0.0.11"
  dependencies:
    through: ~2.3
  checksum: 3c4a14052a638b92e0c96eb00c0d7977df7f79ea28395250c525d197f1fc02d34ce1165d5362e2e6ebbb251524b94a76f3f0d4abc39ab8b016d97449fe15583c
  languageName: node
  linkType: hard

"ps-tree@npm:^1.2.0":
  version: 1.2.0
  resolution: "ps-tree@npm:1.2.0"
  dependencies:
    event-stream: =3.3.4
  bin:
    ps-tree: ./bin/ps-tree.js
  checksum: e635dd00f53d30d31696cf5f95b3a8dbdf9b1aeb36d4391578ce8e8cd22949b7c5536c73b0dc18c78615ea3ddd4be96101166be59ca2e3e3cb1e2f79ba3c7f98
  languageName: node
  linkType: hard

"shebang-command@npm:^2.0.0":
  version: 2.0.0
  resolution: "shebang-command@npm:2.0.0"
  dependencies:
    shebang-regex: ^3.0.0
  checksum: 6b52fe87271c12968f6a054e60f6bde5f0f3d2db483a1e5c3e12d657c488a15474121a1d55cd958f6df026a54374ec38a4a963988c213b7570e1d51575cea7fa
  languageName: node
  linkType: hard

"shebang-regex@npm:^3.0.0":
  version: 3.0.0
  resolution: "shebang-regex@npm:3.0.0"
  checksum: 1a2bcae50de99034fcd92ad4212d8e01eedf52c7ec7830eedcf886622804fe36884278f2be8be0ea5fde3fd1c23911643a4e0f726c8685b61871c8908af01222
  languageName: node
  linkType: hard

"split@npm:0.3":
  version: 0.3.3
  resolution: "split@npm:0.3.3"
  dependencies:
    through: 2
  checksum: 2e076634c9637cfdc54ab4387b6a243b8c33b360874a25adf6f327a5647f07cb3bf1c755d515248eb3afee4e382278d01f62c62d87263c118f28065b86f74f02
  languageName: node
  linkType: hard

"stream-combiner@npm:~0.0.4":
  version: 0.0.4
  resolution: "stream-combiner@npm:0.0.4"
  dependencies:
    duplexer: ~0.1.1
  checksum: 844b622cfe8b9de45a6007404f613b60aaf85200ab9862299066204242f89a7c8033b1c356c998aa6cfc630f6cd9eba119ec1c6dc1f93e245982be4a847aee7d
  languageName: node
  linkType: hard

"string-argv@npm:^0.1.1":
  version: 0.1.2
  resolution: "string-argv@npm:0.1.2"
  checksum: 6877bd72af145f6e6eafa932818014a57b2f39225c924562b7fccb50f1fcee73717bbcd5e528fd4d86cec32835c14749c32a9d35f06e0bf96637d1e73158203f
  languageName: node
  linkType: hard

"strip-ansi@npm:^6.0.0":
  version: 6.0.1
  resolution: "strip-ansi@npm:6.0.1"
  dependencies:
    ansi-regex: ^5.0.1
  checksum: f3cd25890aef3ba6e1a74e20896c21a46f482e93df4a06567cebf2b57edabb15133f1f94e57434e0a958d61186087b1008e89c94875d019910a213181a14fc8c
  languageName: node
  linkType: hard

"through@npm:2, through@npm:~2.3, through@npm:~2.3.1":
  version: 2.3.8
  resolution: "through@npm:2.3.8"
  checksum: a38c3e059853c494af95d50c072b83f8b676a9ba2818dcc5b108ef252230735c54e0185437618596c790bbba8fcdaef5b290405981ffa09dce67b1f1bf190cbd
  languageName: node
  linkType: hard

"tr46@npm:~0.0.3":
  version: 0.0.3
  resolution: "tr46@npm:0.0.3"
  checksum: 726321c5eaf41b5002e17ffbd1fb7245999a073e8979085dacd47c4b4e8068ff5777142fc6726d6ca1fd2ff16921b48788b87225cbc57c72636f6efa8efbffe3
  languageName: node
  linkType: hard

"ts-mixer@npm:^6.0.0":
  version: 6.0.1
  resolution: "ts-mixer@npm:6.0.1"
  checksum: 7050f6e85a24155d18cecdcc0a098d1038991cc498317fcffa9d7a8654c776d417fb97e65de1ce8e7ed54ef4814abd8057d0efb9c3b24e9cc78ac3c0f48bbf53
  languageName: node
  linkType: hard

"tsc-watch@npm:^4.6.2":
  version: 4.6.2
  resolution: "tsc-watch@npm:4.6.2"
  dependencies:
    cross-spawn: ^7.0.3
    node-cleanup: ^2.1.2
    ps-tree: ^1.2.0
    string-argv: ^0.1.1
    strip-ansi: ^6.0.0
  peerDependencies:
    typescript: "*"
  bin:
    tsc-watch: index.js
  checksum: 36cf74d45c7c32d2db70f784d153d36c5a010d0d9e138a835c6e7d804a8593f6784688a64deb818e74f84c622c4b73695d1380630e7b24a24ca7d96aeeea5ea5
  languageName: node
  linkType: hard

"tslib@npm:^2.3.1":
  version: 2.3.1
  resolution: "tslib@npm:2.3.1"
  checksum: de17a98d4614481f7fcb5cd53ffc1aaf8654313be0291e1bfaee4b4bb31a20494b7d218ff2e15017883e8ea9626599b3b0e0229c18383ba9dce89da2adf15cb9
  languageName: node
  linkType: hard

"twemoji-parser@npm:^14.0.0":
  version: 14.0.0
  resolution: "twemoji-parser@npm:14.0.0"
  checksum: 8eede69cf71f94735de7b6fddf5dfbfe3cb2e01baefc3201360984ccc97cfc659f206c8f73bd1405a2282779af3b79a8c9bed3864c672e15e2dc6f8ce4810452
  languageName: node
  linkType: hard

"typescript@npm:^4.6.2":
  version: 4.6.2
  resolution: "typescript@npm:4.6.2"
  bin:
    tsc: bin/tsc
    tsserver: bin/tsserver
  checksum: 8a44ed7e6f6c4cb1ebe8cf236ecda2fb119d84dcf0fbd77e707b2dfea1bbcfc4e366493a143513ce7f57203c75da9d4e20af6fe46de89749366351046be7577c
  languageName: node
  linkType: hard

"typescript@patch:typescript@^4.6.2#~builtin<compat/typescript>":
  version: 4.6.2
  resolution: "typescript@patch:typescript@npm%3A4.6.2#~builtin<compat/typescript>::version=4.6.2&hash=bda367"
  bin:
    tsc: bin/tsc
    tsserver: bin/tsserver
  checksum: 40b493a71747fb89fa70df104e2c4a5e284b43750af5bea024090a5261cefa387f7a9372411b13030f7bf5555cee4275443d08805642ae5c74ef76740854a4c7
  languageName: node
  linkType: hard

"vexibot@workspace:.":
  version: 0.0.0-use.local
  resolution: "vexibot@workspace:."
  dependencies:
    "@discordjs/builders": ^0.12.0
    "@sapphire/decorators": ^4.3.3
    "@sapphire/discord.js-utilities": ^4.9.3
    "@sapphire/framework": next
    "@sapphire/plugin-logger": ^2.2.0
    "@sapphire/ts-config": ^3.3.3
    "@types/node": ^16.6.2
    axios: ^0.26.1
    axios-rate-limit: ^1.3.0
    colorette: ^2.0.16
    discord.js: ^13.6.0
    dotenv: ^16.0.0
    tsc-watch: ^4.6.2
    typescript: ^4.6.2
  languageName: unknown
  linkType: soft

"webidl-conversions@npm:^3.0.0":
  version: 3.0.1
  resolution: "webidl-conversions@npm:3.0.1"
  checksum: c92a0a6ab95314bde9c32e1d0a6dfac83b578f8fa5f21e675bc2706ed6981bc26b7eb7e6a1fab158e5ce4adf9caa4a0aee49a52505d4d13c7be545f15021b17c
  languageName: node
  linkType: hard

"whatwg-url@npm:^5.0.0":
  version: 5.0.0
  resolution: "whatwg-url@npm:5.0.0"
  dependencies:
    tr46: ~0.0.3
    webidl-conversions: ^3.0.0
  checksum: b8daed4ad3356cc4899048a15b2c143a9aed0dfae1f611ebd55073310c7b910f522ad75d727346ad64203d7e6c79ef25eafd465f4d12775ca44b90fa82ed9e2c
  languageName: node
  linkType: hard

"which@npm:^2.0.1":
  version: 2.0.2
  resolution: "which@npm:2.0.2"
  dependencies:
    isexe: ^2.0.0
  bin:
    node-which: ./bin/node-which
  checksum: 1a5c563d3c1b52d5f893c8b61afe11abc3bab4afac492e8da5bde69d550de701cf9806235f20a47b5c8fa8a1d6a9135841de2596535e998027a54589000e66d1
  languageName: node
  linkType: hard

"ws@npm:^8.4.0":
  version: 8.5.0
  resolution: "ws@npm:8.5.0"
  peerDependencies:
    bufferutil: ^4.0.1
    utf-8-validate: ^5.0.2
  peerDependenciesMeta:
    bufferutil:
      optional: true
    utf-8-validate:
      optional: true
  checksum: 76f2f90e40344bf18fd544194e7067812fb1372b2a37865678d8f12afe4b478ff2ebc0c7c0aff82cd5e6b66fc43d889eec0f1865c2365d8f7a66d92da7744a77
  languageName: node
  linkType: hard

"zod@npm:^3.11.6":
  version: 3.14.2
  resolution: "zod@npm:3.14.2"
  checksum: 397c300f0957126519c6d9fa95b8ea08f8dc2d0692e8c40be78d070a69e88cacec9d7b960c33f61382b7c1647c0850bea5c299bcdfbe7a671a8bf0fb3e6923cf
  languageName: node
  linkType: hard
