# This file is generated by running "yarn install" inside your project.
# Manual changes might be lost - proceed with caution!

__metadata:
  version: 6
  cacheKey: 8

"@discordjs/builders@npm:^1.4.0":
  version: 1.4.0
  resolution: "@discordjs/builders@npm:1.4.0"
  dependencies:
    "@discordjs/util": ^0.1.0
    "@sapphire/shapeshift": ^3.7.1
    discord-api-types: ^0.37.20
    fast-deep-equal: ^3.1.3
    ts-mixer: ^6.0.2
    tslib: ^2.4.1
  checksum: 3089ea5dc58e62c0314fd5fd995281d183d1a938d14a71b89c47b71b6cdf4cdf9f8c2ee1d04ca59e6bdde583b8bb785f3b53d917fb155cade8d27ac0dedbc942
  languageName: node
  linkType: hard

"@discordjs/collection@npm:^1.2.0, @discordjs/collection@npm:^1.3.0":
  version: 1.3.0
  resolution: "@discordjs/collection@npm:1.3.0"
  checksum: 5ca6e9757f4c1e19564a0ac96ebfcabd1a83bf3ac0270034a0ea887f418f196caea4b54ebac5aaf0fc28d98f58f12794a6242d07acf08c946f23aa2e0047e87d
  languageName: node
  linkType: hard

"@discordjs/rest@npm:^1.4.0":
  version: 1.5.0
  resolution: "@discordjs/rest@npm:1.5.0"
  dependencies:
    "@discordjs/collection": ^1.3.0
    "@discordjs/util": ^0.1.0
    "@sapphire/async-queue": ^1.5.0
    "@sapphire/snowflake": ^3.2.2
    discord-api-types: ^0.37.23
    file-type: ^18.0.0
    tslib: ^2.4.1
    undici: ^5.13.0
  checksum: 98b3a97fa3dbecd406cefca5e5245d51a1ab9eb748001f9d128065cc6dd6f61cc23efbdfa11e84e5147131fe40239d23c37b503d8c4c1a40b10d67b4c5b255ef
  languageName: node
  linkType: hard

"@discordjs/util@npm:^0.1.0":
  version: 0.1.0
  resolution: "@discordjs/util@npm:0.1.0"
  checksum: 880e15cd761437a21cf17b8a9dab50e7e5418fcc77dc34037c31a52b871fab1b958218ab6218aafd20af8b7a4e658a705d3f257268324773a285d9a06368c1b9
  languageName: node
  linkType: hard

"@sapphire/async-queue@npm:^1.5.0":
  version: 1.5.0
  resolution: "@sapphire/async-queue@npm:1.5.0"
  checksum: 983dbd1fd1b1798496e5edb6a0db7e4d90015160e1028f20475eab0a92625513f1e8d938bc0305811a9cec461c94e01b1e4191615ff03ba49356f568f3255250
  languageName: node
  linkType: hard

"@sapphire/decorators@npm:^6.0.0":
  version: 6.0.0
  resolution: "@sapphire/decorators@npm:6.0.0"
  dependencies:
    tslib: ^2.4.1
  checksum: 390ada53c66965596c70c90e3e7cb630e4d66dc8dbf8becd2a2517ca87bdb62907542f9943edee942e619ea9447591205b3ac45da0b98fe24ea3edcce1842e09
  languageName: node
  linkType: hard

"@sapphire/discord-utilities@npm:^3.0.0":
  version: 3.0.0
  resolution: "@sapphire/discord-utilities@npm:3.0.0"
  dependencies:
    discord-api-types: ^0.37.25
  checksum: c17ddb5c663fb474e134f881bfa9fb803bdb315220894079c92966b72208ae52f4a995faae2701519d99690f0ed591d7e9995e8c7ffc36821435fd454af5d4b1
  languageName: node
  linkType: hard

"@sapphire/discord.js-utilities@npm:6.0.1, @sapphire/discord.js-utilities@npm:^6.0.1":
  version: 6.0.1
  resolution: "@sapphire/discord.js-utilities@npm:6.0.1"
  dependencies:
    "@sapphire/discord-utilities": ^3.0.0
    "@sapphire/duration": ^1.0.0
    "@sapphire/utilities": ^3.11.0
    tslib: ^2.4.1
  checksum: e5d95c97f10cf2b4ed249d2e553831522618cc18078a1dfbbf4d18d874b5b34a80930e172ab36fdd4b3099788f2a116fe44b2025d16ab14975a3201f6646e22e
  languageName: node
  linkType: hard

"@sapphire/duration@npm:^1.0.0":
  version: 1.0.0
  resolution: "@sapphire/duration@npm:1.0.0"
  checksum: dadf3b5742742b5f724d1d78b0c59fd468ffe3ac817da2ba84361ac310528cb8c43f3d9d6032ff08f0f22fcaf61b495fb29b87800748e14abb0b780e86afda75
  languageName: node
  linkType: hard

"@sapphire/framework@npm:^4.0.2":
  version: 4.0.2
  resolution: "@sapphire/framework@npm:4.0.2"
  dependencies:
    "@discordjs/builders": ^1.4.0
    "@sapphire/discord-utilities": ^3.0.0
    "@sapphire/discord.js-utilities": 6.0.1
    "@sapphire/lexure": ^1.1.2
    "@sapphire/pieces": ^3.6.0
    "@sapphire/ratelimits": ^2.4.5
    "@sapphire/result": ^2.6.0
    "@sapphire/stopwatch": ^1.5.0
    "@sapphire/utilities": ^3.11.0
  checksum: 4af8a83ff072107e035b37fa3d80aad83b55c3fdeb61fc0d06ff7b2d27b60b1792b23105b9bf253f0f588040249e84c06c7a529f0de19eaa4b84624d8ab959c1
  languageName: node
  linkType: hard

"@sapphire/lexure@npm:^1.1.2":
  version: 1.1.2
  resolution: "@sapphire/lexure@npm:1.1.2"
  dependencies:
    "@sapphire/result": ^2.6.0
  checksum: fe25476ba0189ff8c55c6bdb58ef81b0092f46882c59181e712d68adb68c9d86742365cfcb77e2d6dfb08267752894c9da51615718a1ab77ee3ff3609d93b240
  languageName: node
  linkType: hard

"@sapphire/pieces@npm:^3.6.0":
  version: 3.6.0
  resolution: "@sapphire/pieces@npm:3.6.0"
  dependencies:
    "@discordjs/collection": ^1.2.0
    "@sapphire/utilities": ^3.11.0
    tslib: ^2.4.0
  checksum: ef93f1cd4cf3983cab43d45415590a4cbd32c01cbfde78b8eb230035637250e90fd9a7fa96377a719ef6ddde364d27f87c027d9cbebef82a93ca800ab21201b9
  languageName: node
  linkType: hard

"@sapphire/plugin-logger@npm:^3.0.1":
  version: 3.0.1
  resolution: "@sapphire/plugin-logger@npm:3.0.1"
  dependencies:
    "@sapphire/timestamp": ^1.0.0
    colorette: ^2.0.19
    tslib: ^2.4.0
  checksum: ed95258441b958e1618489c5e5ad336bf5a304a2d3efbfc15104c99133d92938bade2ed5eaf2739eba14d7e153db87af1d77891e15ad2b2414f4f3ecab6d3a27
  languageName: node
  linkType: hard

"@sapphire/ratelimits@npm:^2.4.5":
  version: 2.4.5
  resolution: "@sapphire/ratelimits@npm:2.4.5"
  dependencies:
    "@sapphire/timer-manager": ^1.0.0
  checksum: e987d285c974e600222298e2c5e9523581c024059b3ec93cdfc71fc704b2dca5a55f126b897ee71b8bd82d2516e1d6c17c22355f329f43ead7bc001d9fbd9118
  languageName: node
  linkType: hard

"@sapphire/result@npm:^2.6.0":
  version: 2.6.0
  resolution: "@sapphire/result@npm:2.6.0"
  checksum: bab9e963c85c7ea0a410c36617b7d32fca8749739b7fbb61bf7a2eff566d002af78606c379b1a71f2857bf9c04d3f5f1af67f02278da75ac660f2f6ddfef26b5
  languageName: node
  linkType: hard

"@sapphire/shapeshift@npm:^3.7.1":
  version: 3.8.1
  resolution: "@sapphire/shapeshift@npm:3.8.1"
  dependencies:
    fast-deep-equal: ^3.1.3
    lodash: ^4.17.21
  checksum: 2a5954c76ee9a91506ae269141ffd2d71e05891c7f1618d0acbf3670312f0b473e356f9c3dafe484d8dc89282d7554f1fd7d720a2a3b0e921fb4e969d09513ee
  languageName: node
  linkType: hard

"@sapphire/snowflake@npm:^3.2.2":
  version: 3.4.0
  resolution: "@sapphire/snowflake@npm:3.4.0"
  checksum: 556b7001f33d6edbbbcbca46f6abfa56c732a29e78b693161e358688e688edcb012d2c1bc944e7ffb41bd6c9950d261bc73f95656dc01643361a218b4f5ab985
  languageName: node
  linkType: hard

"@sapphire/stopwatch@npm:^1.5.0":
  version: 1.5.0
  resolution: "@sapphire/stopwatch@npm:1.5.0"
  dependencies:
    tslib: ^2.4.0
  checksum: 23c013598d87d2fcc797efe5d2409ae6836b9221d79eacc10b7c2a95f9d694b562b7ad027dc49e9e8125095417199385a15317520fec371bdb8cc7622085e3af
  languageName: node
  linkType: hard

"@sapphire/timer-manager@npm:^1.0.0":
  version: 1.0.0
  resolution: "@sapphire/timer-manager@npm:1.0.0"
  checksum: 2f131c2bf1882528c80e6a4aa8f0d3078ae1e2e3d1afc054878fbdb946dc987073d037dad5122e67d20b98e0ec6a37a8e4da7f9c0a91b9711819ad54bbedd6a4
  languageName: node
  linkType: hard

"@sapphire/timestamp@npm:^1.0.0":
  version: 1.0.0
  resolution: "@sapphire/timestamp@npm:1.0.0"
  checksum: 2852210825626431cb7aee4da9cd04518778854f5b9e8eafc0fa0a57d499251030ad115f0d0c58e15e5b176cfb495301df7418d95e51c4826e9fadc09ff98bbb
  languageName: node
  linkType: hard

"@sapphire/ts-config@npm:^3.3.4":
  version: 3.3.4
  resolution: "@sapphire/ts-config@npm:3.3.4"
  dependencies:
    tslib: ^2.3.1
    typescript: ^4.6.3
  checksum: c26dee331e17dd1762caa499ca6f1d1ee22fe781a5486575ead625c399678fbf3b33cf963a4f48aad04df5d515a4b3d2f80a03272d2413894d96f799d5f5ca87
  languageName: node
  linkType: hard

"@sapphire/utilities@npm:^3.11.0":
  version: 3.11.0
  resolution: "@sapphire/utilities@npm:3.11.0"
  checksum: 3c8521038b8879524e8114f39eefc8b3b06cf825995f709684238b5cb14bd7df06d232a26a88f79160df290a66f9aa3133f5ce4ff8e2398033db9f301ad31e0d
  languageName: node
  linkType: hard

"@tokenizer/token@npm:^0.3.0":
  version: 0.3.0
  resolution: "@tokenizer/token@npm:0.3.0"
  checksum: 1d575d02d2a9f0c5a4ca5180635ebd2ad59e0f18b42a65f3d04844148b49b3db35cf00b6012a1af2d59c2ab3caca59451c5689f747ba8667ee586ad717ee58e1
  languageName: node
  linkType: hard

"@types/node@npm:*":
  version: 18.11.18
  resolution: "@types/node@npm:18.11.18"
  checksum: 03f17f9480f8d775c8a72da5ea7e9383db5f6d85aa5fefde90dd953a1449bd5e4ffde376f139da4f3744b4c83942166d2a7603969a6f8ea826edfb16e6e3b49d
  languageName: node
  linkType: hard

"@types/ws@npm:^8.5.3":
  version: 8.5.4
  resolution: "@types/ws@npm:8.5.4"
  dependencies:
    "@types/node": "*"
  checksum: fefbad20d211929bb996285c4e6f699b12192548afedbe4930ab4384f8a94577c9cd421acaad163cacd36b88649509970a05a0b8f20615b30c501ed5269038d1
  languageName: node
  linkType: hard

"asynckit@npm:^0.4.0":
  version: 0.4.0
  resolution: "asynckit@npm:0.4.0"
  checksum: 7b78c451df768adba04e2d02e63e2d0bf3b07adcd6e42b4cf665cb7ce899bedd344c69a1dcbce355b5f972d597b25aaa1c1742b52cffd9caccb22f348114f6be
  languageName: node
  linkType: hard

"axios-rate-limit@npm:^1.3.0":
  version: 1.3.0
  resolution: "axios-rate-limit@npm:1.3.0"
  peerDependencies:
    axios: "*"
  checksum: 19e963732231d2a0c35c19b0603aa4aeeb55a52bab5edd75908d6df1df86978afb7525b9e79fa17dca281d8d6132072c7f269d9cb90867d0a58da4f713a6dea1
  languageName: node
  linkType: hard

"axios@npm:^1.2.3":
  version: 1.2.3
  resolution: "axios@npm:1.2.3"
  dependencies:
    follow-redirects: ^1.15.0
    form-data: ^4.0.0
    proxy-from-env: ^1.1.0
  checksum: 52802a1e317e8a6fd2c014aa06a6978ea8381142c98e91f2be5e9e213b77b541451e588e17a3d6db2d6e76faea82911239ca4981d7af959d67fb66018dab3ac9
  languageName: node
  linkType: hard

"busboy@npm:^1.6.0":
  version: 1.6.0
  resolution: "busboy@npm:1.6.0"
  dependencies:
    streamsearch: ^1.1.0
  checksum: 32801e2c0164e12106bf236291a00795c3c4e4b709ae02132883fe8478ba2ae23743b11c5735a0aae8afe65ac4b6ca4568b91f0d9fed1fdbc32ede824a73746e
  languageName: node
  linkType: hard

"colorette@npm:^2.0.19":
  version: 2.0.19
  resolution: "colorette@npm:2.0.19"
  checksum: 888cf5493f781e5fcf54ce4d49e9d7d698f96ea2b2ef67906834bb319a392c667f9ec69f4a10e268d2946d13a9503d2d19b3abaaaf174e3451bfe91fb9d82427
  languageName: node
  linkType: hard

"combined-stream@npm:^1.0.8":
  version: 1.0.8
  resolution: "combined-stream@npm:1.0.8"
  dependencies:
    delayed-stream: ~1.0.0
  checksum: 49fa4aeb4916567e33ea81d088f6584749fc90c7abec76fd516bf1c5aa5c79f3584b5ba3de6b86d26ddd64bae5329c4c7479343250cfe71c75bb366eae53bb7c
  languageName: node
  linkType: hard

"cross-spawn@npm:^7.0.3":
  version: 7.0.3
  resolution: "cross-spawn@npm:7.0.3"
  dependencies:
    path-key: ^3.1.0
    shebang-command: ^2.0.0
    which: ^2.0.1
  checksum: 671cc7c7288c3a8406f3c69a3ae2fc85555c04169e9d611def9a675635472614f1c0ed0ef80955d5b6d4e724f6ced67f0ad1bb006c2ea643488fcfef994d7f52
  languageName: node
  linkType: hard

"delayed-stream@npm:~1.0.0":
  version: 1.0.0
  resolution: "delayed-stream@npm:1.0.0"
  checksum: 46fe6e83e2cb1d85ba50bd52803c68be9bd953282fa7096f51fc29edd5d67ff84ff753c51966061e5ba7cb5e47ef6d36a91924eddb7f3f3483b1c560f77a0020
  languageName: node
  linkType: hard

"discord-api-types@npm:^0.37.20, discord-api-types@npm:^0.37.23, discord-api-types@npm:^0.37.25":
  version: 0.37.28
  resolution: "discord-api-types@npm:0.37.28"
  checksum: c033b9c82d5ecb3f273d563db578e21e982a35d106cc66e7ea42d7ef0a79817ca43badd3aade8a5ddb491bc8679ed08b1bcccc105e64ecd1ea5a53a11c2b1f8b
  languageName: node
  linkType: hard

"discord.js@npm:^14.7.1":
  version: 14.7.1
  resolution: "discord.js@npm:14.7.1"
  dependencies:
    "@discordjs/builders": ^1.4.0
    "@discordjs/collection": ^1.3.0
    "@discordjs/rest": ^1.4.0
    "@discordjs/util": ^0.1.0
    "@sapphire/snowflake": ^3.2.2
    "@types/ws": ^8.5.3
    discord-api-types: ^0.37.20
    fast-deep-equal: ^3.1.3
    lodash.snakecase: ^4.1.1
    tslib: ^2.4.1
    undici: ^5.13.0
    ws: ^8.11.0
  checksum: fa861275b1f5360ef1b06cd514014ebd4e3f384655834dd1f73fd9f715bee643500f9d837c52f496d306825bc9c3d6c94e67463d91326e3750a28db765926ad6
  languageName: node
  linkType: hard

"dotenv@npm:^16.0.3":
  version: 16.0.3
  resolution: "dotenv@npm:16.0.3"
  checksum: afcf03f373d7a6d62c7e9afea6328e62851d627a4e73f2e12d0a8deae1cd375892004f3021883f8aec85932cd2834b091f568ced92b4774625b321db83b827f8
  languageName: node
  linkType: hard

"duplexer@npm:~0.1.1":
  version: 0.1.2
  resolution: "duplexer@npm:0.1.2"
  checksum: 62ba61a830c56801db28ff6305c7d289b6dc9f859054e8c982abd8ee0b0a14d2e9a8e7d086ffee12e868d43e2bbe8a964be55ddbd8c8957714c87373c7a4f9b0
  languageName: node
  linkType: hard

"event-stream@npm:=3.3.4":
  version: 3.3.4
  resolution: "event-stream@npm:3.3.4"
  dependencies:
    duplexer: ~0.1.1
    from: ~0
    map-stream: ~0.1.0
    pause-stream: 0.0.11
    split: 0.3
    stream-combiner: ~0.0.4
    through: ~2.3.1
  checksum: 80b467820b6daf824d9fb4345d2daf115a056e5c104463f2e98534e92d196a27f2df5ea2aa085624db26f4c45698905499e881d13bc7c01f7a13eac85be72a22
  languageName: node
  linkType: hard

"fast-deep-equal@npm:^3.1.3":
  version: 3.1.3
  resolution: "fast-deep-equal@npm:3.1.3"
  checksum: e21a9d8d84f53493b6aa15efc9cfd53dd5b714a1f23f67fb5dc8f574af80df889b3bce25dc081887c6d25457cce704e636395333abad896ccdec03abaf1f3f9d
  languageName: node
  linkType: hard

"file-type@npm:^18.0.0":
  version: 18.2.0
  resolution: "file-type@npm:18.2.0"
  dependencies:
    readable-web-to-node-stream: ^3.0.2
    strtok3: ^7.0.0
    token-types: ^5.0.1
  checksum: 6bbb072fb03eee8c3a8ad6bbaa97a81051abaf31f372e42a634dffaec319ae57de06ea632ee47d80c34a501bb1068892a8f8dc2cbcc5efd127784d38f0377712
  languageName: node
  linkType: hard

"follow-redirects@npm:^1.15.0":
  version: 1.15.2
  resolution: "follow-redirects@npm:1.15.2"
  peerDependenciesMeta:
    debug:
      optional: true
  checksum: faa66059b66358ba65c234c2f2a37fcec029dc22775f35d9ad6abac56003268baf41e55f9ee645957b32c7d9f62baf1f0b906e68267276f54ec4b4c597c2b190
  languageName: node
  linkType: hard

"form-data@npm:^4.0.0":
  version: 4.0.0
  resolution: "form-data@npm:4.0.0"
  dependencies:
    asynckit: ^0.4.0
    combined-stream: ^1.0.8
    mime-types: ^2.1.12
  checksum: 01135bf8675f9d5c61ff18e2e2932f719ca4de964e3be90ef4c36aacfc7b9cb2fceb5eca0b7e0190e3383fe51c5b37f4cb80b62ca06a99aaabfcfd6ac7c9328c
  languageName: node
  linkType: hard

"from@npm:~0":
  version: 0.1.7
  resolution: "from@npm:0.1.7"
  checksum: b85125b7890489656eb2e4f208f7654a93ec26e3aefaf3bbbcc0d496fc1941e4405834fcc9fe7333192aa2187905510ace70417bbf9ac6f6f4784a731d986939
  languageName: node
  linkType: hard

"ieee754@npm:^1.2.1":
  version: 1.2.1
  resolution: "ieee754@npm:1.2.1"
  checksum: 5144c0c9815e54ada181d80a0b810221a253562422e7c6c3a60b1901154184f49326ec239d618c416c1c5945a2e197107aee8d986a3dd836b53dffefd99b5e7e
  languageName: node
  linkType: hard

"inherits@npm:^2.0.3":
  version: 2.0.4
  resolution: "inherits@npm:2.0.4"
  checksum: 4a48a733847879d6cf6691860a6b1e3f0f4754176e4d71494c41f3475553768b10f84b5ce1d40fbd0e34e6bfbb864ee35858ad4dd2cf31e02fc4a154b724d7f1
  languageName: node
  linkType: hard

"isexe@npm:^2.0.0":
  version: 2.0.0
  resolution: "isexe@npm:2.0.0"
  checksum: 26bf6c5480dda5161c820c5b5c751ae1e766c587b1f951ea3fcfc973bafb7831ae5b54a31a69bd670220e42e99ec154475025a468eae58ea262f813fdc8d1c62
  languageName: node
  linkType: hard

"lodash.snakecase@npm:^4.1.1":
  version: 4.1.1
  resolution: "lodash.snakecase@npm:4.1.1"
  checksum: 1685ed3e83dda6eae5a4dcaee161a51cd210aabb3e1c09c57150e7dd8feda19e4ca0d27d0631eabe8d0f4eaa51e376da64e8c018ae5415417c5890d42feb72a8
  languageName: node
  linkType: hard

"lodash@npm:^4.17.21":
  version: 4.17.21
  resolution: "lodash@npm:4.17.21"
  checksum: eb835a2e51d381e561e508ce932ea50a8e5a68f4ebdd771ea240d3048244a8d13658acbd502cd4829768c56f2e16bdd4340b9ea141297d472517b83868e677f7
  languageName: node
  linkType: hard

"map-stream@npm:~0.1.0":
  version: 0.1.0
  resolution: "map-stream@npm:0.1.0"
  checksum: 38abbe4eb883888031e6b2fc0630bc583c99396be16b8ace5794b937b682a8a081f03e8b15bfd4914d1bc88318f0e9ac73ba3512ae65955cd449f63256ddb31d
  languageName: node
  linkType: hard

"mime-db@npm:1.52.0":
  version: 1.52.0
  resolution: "mime-db@npm:1.52.0"
  checksum: 0d99a03585f8b39d68182803b12ac601d9c01abfa28ec56204fa330bc9f3d1c5e14beb049bafadb3dbdf646dfb94b87e24d4ec7b31b7279ef906a8ea9b6a513f
  languageName: node
  linkType: hard

"mime-types@npm:^2.1.12":
  version: 2.1.35
  resolution: "mime-types@npm:2.1.35"
  dependencies:
    mime-db: 1.52.0
  checksum: 89a5b7f1def9f3af5dad6496c5ed50191ae4331cc5389d7c521c8ad28d5fdad2d06fd81baf38fed813dc4e46bb55c8145bb0ff406330818c9cf712fb2e9b3836
  languageName: node
  linkType: hard

"node-cleanup@npm:^2.1.2":
  version: 2.1.2
  resolution: "node-cleanup@npm:2.1.2"
  checksum: 584cdc3e42560a998b4579f91ed8f936b27011628f3102e5a1093205f0691cdf8d899287d1f2e4d2071ea4ab1d615810bad6dbe2b988ef173a1cbaa76d8165b3
  languageName: node
  linkType: hard

"path-key@npm:^3.1.0":
  version: 3.1.1
  resolution: "path-key@npm:3.1.1"
  checksum: 55cd7a9dd4b343412a8386a743f9c746ef196e57c823d90ca3ab917f90ab9f13dd0ded27252ba49dbdfcab2b091d998bc446f6220cd3cea65db407502a740020
  languageName: node
  linkType: hard

"pause-stream@npm:0.0.11":
  version: 0.0.11
  resolution: "pause-stream@npm:0.0.11"
  dependencies:
    through: ~2.3
  checksum: 3c4a14052a638b92e0c96eb00c0d7977df7f79ea28395250c525d197f1fc02d34ce1165d5362e2e6ebbb251524b94a76f3f0d4abc39ab8b016d97449fe15583c
  languageName: node
  linkType: hard

"peek-readable@npm:^5.0.0":
  version: 5.0.0
  resolution: "peek-readable@npm:5.0.0"
  checksum: bef5ceb50586eb42e14efba274ac57ffe97f0ed272df9239ce029f688f495d9bf74b2886fa27847c706a9db33acda4b7d23bbd09a2d21eb4c2a54da915117414
  languageName: node
  linkType: hard

"proxy-from-env@npm:^1.1.0":
  version: 1.1.0
  resolution: "proxy-from-env@npm:1.1.0"
  checksum: ed7fcc2ba0a33404958e34d95d18638249a68c430e30fcb6c478497d72739ba64ce9810a24f53a7d921d0c065e5b78e3822759800698167256b04659366ca4d4
  languageName: node
  linkType: hard

"ps-tree@npm:^1.2.0":
  version: 1.2.0
  resolution: "ps-tree@npm:1.2.0"
  dependencies:
    event-stream: =3.3.4
  bin:
    ps-tree: ./bin/ps-tree.js
  checksum: e635dd00f53d30d31696cf5f95b3a8dbdf9b1aeb36d4391578ce8e8cd22949b7c5536c73b0dc18c78615ea3ddd4be96101166be59ca2e3e3cb1e2f79ba3c7f98
  languageName: node
  linkType: hard

"readable-stream@npm:^3.6.0":
  version: 3.6.0
  resolution: "readable-stream@npm:3.6.0"
  dependencies:
    inherits: ^2.0.3
    string_decoder: ^1.1.1
    util-deprecate: ^1.0.1
  checksum: d4ea81502d3799439bb955a3a5d1d808592cf3133350ed352aeaa499647858b27b1c4013984900238b0873ec8d0d8defce72469fb7a83e61d53f5ad61cb80dc8
  languageName: node
  linkType: hard

"readable-web-to-node-stream@npm:^3.0.2":
  version: 3.0.2
  resolution: "readable-web-to-node-stream@npm:3.0.2"
  dependencies:
    readable-stream: ^3.6.0
  checksum: 8c56cc62c68513425ddfa721954875b382768f83fa20e6b31e365ee00cbe7a3d6296f66f7f1107b16cd3416d33aa9f1680475376400d62a081a88f81f0ea7f9c
  languageName: node
  linkType: hard

"safe-buffer@npm:~5.2.0":
  version: 5.2.1
  resolution: "safe-buffer@npm:5.2.1"
  checksum: b99c4b41fdd67a6aaf280fcd05e9ffb0813654894223afb78a31f14a19ad220bba8aba1cb14eddce1fcfb037155fe6de4e861784eb434f7d11ed58d1e70dd491
  languageName: node
  linkType: hard

"shebang-command@npm:^2.0.0":
  version: 2.0.0
  resolution: "shebang-command@npm:2.0.0"
  dependencies:
    shebang-regex: ^3.0.0
  checksum: 6b52fe87271c12968f6a054e60f6bde5f0f3d2db483a1e5c3e12d657c488a15474121a1d55cd958f6df026a54374ec38a4a963988c213b7570e1d51575cea7fa
  languageName: node
  linkType: hard

"shebang-regex@npm:^3.0.0":
  version: 3.0.0
  resolution: "shebang-regex@npm:3.0.0"
  checksum: 1a2bcae50de99034fcd92ad4212d8e01eedf52c7ec7830eedcf886622804fe36884278f2be8be0ea5fde3fd1c23911643a4e0f726c8685b61871c8908af01222
  languageName: node
  linkType: hard

"split@npm:0.3":
  version: 0.3.3
  resolution: "split@npm:0.3.3"
  dependencies:
    through: 2
  checksum: 2e076634c9637cfdc54ab4387b6a243b8c33b360874a25adf6f327a5647f07cb3bf1c755d515248eb3afee4e382278d01f62c62d87263c118f28065b86f74f02
  languageName: node
  linkType: hard

"stream-combiner@npm:~0.0.4":
  version: 0.0.4
  resolution: "stream-combiner@npm:0.0.4"
  dependencies:
    duplexer: ~0.1.1
  checksum: 844b622cfe8b9de45a6007404f613b60aaf85200ab9862299066204242f89a7c8033b1c356c998aa6cfc630f6cd9eba119ec1c6dc1f93e245982be4a847aee7d
  languageName: node
  linkType: hard

"streamsearch@npm:^1.1.0":
  version: 1.1.0
  resolution: "streamsearch@npm:1.1.0"
  checksum: 1cce16cea8405d7a233d32ca5e00a00169cc0e19fbc02aa839959985f267335d435c07f96e5e0edd0eadc6d39c98d5435fb5bbbdefc62c41834eadc5622ad942
  languageName: node
  linkType: hard

"string-argv@npm:^0.3.1":
  version: 0.3.1
  resolution: "string-argv@npm:0.3.1"
  checksum: efbd0289b599bee808ce80820dfe49c9635610715429c6b7cc50750f0437e3c2f697c81e5c390208c13b5d5d12d904a1546172a88579f6ee5cbaaaa4dc9ec5cf
  languageName: node
  linkType: hard

"string_decoder@npm:^1.1.1":
  version: 1.3.0
  resolution: "string_decoder@npm:1.3.0"
  dependencies:
    safe-buffer: ~5.2.0
  checksum: 8417646695a66e73aefc4420eb3b84cc9ffd89572861fe004e6aeb13c7bc00e2f616247505d2dbbef24247c372f70268f594af7126f43548565c68c117bdeb56
  languageName: node
  linkType: hard

"strtok3@npm:^7.0.0":
  version: 7.0.0
  resolution: "strtok3@npm:7.0.0"
  dependencies:
    "@tokenizer/token": ^0.3.0
    peek-readable: ^5.0.0
  checksum: 2ebe7ad8f2aea611dec6742cf6a42e82764892a362907f7ce493faf334501bf981ce21c828dcc300457e6d460dc9c34d644ededb3b01dcb9e37559203cf1748c
  languageName: node
  linkType: hard

"through@npm:2, through@npm:~2.3, through@npm:~2.3.1":
  version: 2.3.8
  resolution: "through@npm:2.3.8"
  checksum: a38c3e059853c494af95d50c072b83f8b676a9ba2818dcc5b108ef252230735c54e0185437618596c790bbba8fcdaef5b290405981ffa09dce67b1f1bf190cbd
  languageName: node
  linkType: hard

"token-types@npm:^5.0.1":
  version: 5.0.1
  resolution: "token-types@npm:5.0.1"
  dependencies:
    "@tokenizer/token": ^0.3.0
    ieee754: ^1.2.1
  checksum: 32780123bc6ce8b6a2231d860445c994a02a720abf38df5583ea957aa6626873cd1c4dd8af62314da4cf16ede00c379a765707a3b06f04b8808c38efdae1c785
  languageName: node
  linkType: hard

"ts-mixer@npm:^6.0.2":
  version: 6.0.2
  resolution: "ts-mixer@npm:6.0.2"
  checksum: cbe9935886fab201f2265ebde8e7e4147a3147ba6b6b4701ed5b92fd52729cda340f45f80f486131d203ed25c8c896a2a3623b2c33cd14314bd7ba961e97ee2e
  languageName: node
  linkType: hard

"tsc-watch@npm:^6.0.0":
  version: 6.0.0
  resolution: "tsc-watch@npm:6.0.0"
  dependencies:
    cross-spawn: ^7.0.3
    node-cleanup: ^2.1.2
    ps-tree: ^1.2.0
    string-argv: ^0.3.1
  peerDependencies:
    typescript: "*"
  bin:
    tsc-watch: dist/lib/tsc-watch.js
  checksum: 34e74a703ecb28689d0f6ba311781ff68be47f5f095439654b095f3ea4a5921708fca61b5727e33527639a9a147b42d10bc3fe3595afee92b41b2bacfba06043
  languageName: node
  linkType: hard

"tslib@npm:^2.3.1, tslib@npm:^2.4.0, tslib@npm:^2.4.1":
  version: 2.4.1
  resolution: "tslib@npm:2.4.1"
  checksum: 19480d6e0313292bd6505d4efe096a6b31c70e21cf08b5febf4da62e95c265c8f571f7b36fcc3d1a17e068032f59c269fab3459d6cd3ed6949eafecf64315fca
  languageName: node
  linkType: hard

"typescript@npm:^4.6.3, typescript@npm:^4.9.4":
  version: 4.9.4
  resolution: "typescript@npm:4.9.4"
  bin:
    tsc: bin/tsc
    tsserver: bin/tsserver
  checksum: e782fb9e0031cb258a80000f6c13530288c6d63f1177ed43f770533fdc15740d271554cdae86701c1dd2c83b082cea808b07e97fd68b38a172a83dbf9e0d0ef9
  languageName: node
  linkType: hard

"typescript@patch:typescript@^4.6.3#~builtin<compat/typescript>, typescript@patch:typescript@^4.9.4#~builtin<compat/typescript>":
  version: 4.9.4
  resolution: "typescript@patch:typescript@npm%3A4.9.4#~builtin<compat/typescript>::version=4.9.4&hash=ad5954"
  bin:
    tsc: bin/tsc
    tsserver: bin/tsserver
  checksum: 1caaea6cb7f813e64345190fddc4e6c924d0b698ab81189b503763c4a18f7f5501c69362979d36e19c042d89d936443e768a78b0675690b35eb663d19e0eae71
  languageName: node
  linkType: hard

"undici@npm:^5.13.0":
  version: 5.15.1
  resolution: "undici@npm:5.15.1"
  dependencies:
    busboy: ^1.6.0
  checksum: 45ebf72b1c589ad00077923c1064312bc7a7afcdbbf8d1b4fd56de03e8a3e2daef2a22f37e4d0a0019120004c57e31879447b98b2fe1df32f4ce9508359cbeb9
  languageName: node
  linkType: hard

"util-deprecate@npm:^1.0.1":
  version: 1.0.2
  resolution: "util-deprecate@npm:1.0.2"
  checksum: 474acf1146cb2701fe3b074892217553dfcf9a031280919ba1b8d651a068c9b15d863b7303cb15bd00a862b498e6cf4ad7b4a08fb134edd5a6f7641681cb54a2
  languageName: node
  linkType: hard

"vexibot@workspace:.":
  version: 0.0.0-use.local
  resolution: "vexibot@workspace:."
  dependencies:
    "@sapphire/decorators": ^6.0.0
    "@sapphire/discord.js-utilities": ^6.0.1
    "@sapphire/framework": ^4.0.2
    "@sapphire/plugin-logger": ^3.0.1
    "@sapphire/ts-config": ^3.3.4
    axios: ^1.2.3
    axios-rate-limit: ^1.3.0
    colorette: ^2.0.19
    discord.js: ^14.7.1
    dotenv: ^16.0.3
    tsc-watch: ^6.0.0
    typescript: ^4.9.4
  languageName: unknown
  linkType: soft

"which@npm:^2.0.1":
  version: 2.0.2
  resolution: "which@npm:2.0.2"
  dependencies:
    isexe: ^2.0.0
  bin:
    node-which: ./bin/node-which
  checksum: 1a5c563d3c1b52d5f893c8b61afe11abc3bab4afac492e8da5bde69d550de701cf9806235f20a47b5c8fa8a1d6a9135841de2596535e998027a54589000e66d1
  languageName: node
  linkType: hard

"ws@npm:^8.11.0":
  version: 8.12.0
  resolution: "ws@npm:8.12.0"
  peerDependencies:
    bufferutil: ^4.0.1
    utf-8-validate: ">=5.0.2"
  peerDependenciesMeta:
    bufferutil:
      optional: true
    utf-8-validate:
      optional: true
  checksum: 818ff3f8749c172a95a114cceb8b89cedd27e43a82d65c7ad0f7882b1e96a2ee6709e3746a903c3fa88beec0c8bae9a9fcd75f20858b32a166dfb7519316a5d7
  languageName: node
  linkType: hard
