# This file is generated by running "yarn install" inside your project.
# Manual changes might be lost - proceed with caution!

__metadata:
  version: 6
  cacheKey: 8

"@discordjs/builders@npm:^1.6.3":
  version: 1.6.3
  resolution: "@discordjs/builders@npm:1.6.3"
  dependencies:
    "@discordjs/formatters": ^0.3.1
    "@discordjs/util": ^0.3.1
    "@sapphire/shapeshift": ^3.8.2
    discord-api-types: ^0.37.41
    fast-deep-equal: ^3.1.3
    ts-mixer: ^6.0.3
    tslib: ^2.5.0
  checksum: 6a0c07fb910d8a6701f58f51f9f85a486c1f608bb7b81656581591b57eb54680db0a7715ac25b4659c115231bfd8c4ff706cc4ccffb4da308ad24233dc6524b3
  languageName: node
  linkType: hard

"@discordjs/collection@npm:^1.5.1":
  version: 1.5.1
  resolution: "@discordjs/collection@npm:1.5.1"
  checksum: 98cc9cff3c7e6f919097b7ffc96f0a13eba2a90265d187b4db5f8cc09b550efd3d9fc952a21d92a08baf7d9e06d0bfa0467e8d0dbccb2d2f8eb0ee124b8b38d4
  languageName: node
  linkType: hard

"@discordjs/formatters@npm:^0.3.1":
  version: 0.3.1
  resolution: "@discordjs/formatters@npm:0.3.1"
  dependencies:
    discord-api-types: ^0.37.41
  checksum: 96355687853a203b280484419cd96a79b79b4b98f0469ec15be073862fb340cbd60ca2ea68f3d4684e17ff0e8c5f04ddcc6dd88188808e01fcbe0e3eea052d6d
  languageName: node
  linkType: hard

"@discordjs/rest@npm:^1.7.1":
  version: 1.7.1
  resolution: "@discordjs/rest@npm:1.7.1"
  dependencies:
    "@discordjs/collection": ^1.5.1
    "@discordjs/util": ^0.3.0
    "@sapphire/async-queue": ^1.5.0
    "@sapphire/snowflake": ^3.4.2
    discord-api-types: ^0.37.41
    file-type: ^18.3.0
    tslib: ^2.5.0
    undici: ^5.22.0
  checksum: 397dca0f2433dcc20c98805427388dd2ab09b906c429185e5d7cfc5057ad7b2a815653482476cffb64b8e1c3628ff254d927796316956d737375be22383c88d7
  languageName: node
  linkType: hard

"@discordjs/util@npm:^0.3.0, @discordjs/util@npm:^0.3.1":
  version: 0.3.1
  resolution: "@discordjs/util@npm:0.3.1"
  checksum: afd53427bc25c84e05cd34d6daf355cab14629a5f340d33528ea18d3a1177e777584bc5847cfcb7711c7387252c34917d749a0b1a91a99d2ce572878208212df
  languageName: node
  linkType: hard

"@discordjs/ws@npm:^0.8.3":
  version: 0.8.3
  resolution: "@discordjs/ws@npm:0.8.3"
  dependencies:
    "@discordjs/collection": ^1.5.1
    "@discordjs/rest": ^1.7.1
    "@discordjs/util": ^0.3.1
    "@sapphire/async-queue": ^1.5.0
    "@types/ws": ^8.5.4
    "@vladfrangu/async_event_emitter": ^2.2.1
    discord-api-types: ^0.37.41
    tslib: ^2.5.0
    ws: ^8.13.0
  checksum: 28eb76ce58e31bc6be8b4d410aae448a8ad6388298f97392d1df002f3f5f1b0ab344bd4cb971aeebd0ea62558dcf1d9554cab3a21485d221f2a7af4ed0766a2e
  languageName: node
  linkType: hard

"@robotevents/client@npm:^1.1.2":
  version: 1.1.2
  resolution: "@robotevents/client@npm:1.1.2"
  dependencies:
    axios: ^1.4.0
    axios-rate-limit: ^1.3.0
  checksum: cb399eb3b249bc219a3e0fe23bedd87369f4ba998815f34631cdc917e211f684eca10d6452bb807517f12765981f82a3a1b9ae3d4af8ccd24d0af99f2eb665b4
  languageName: node
  linkType: hard

"@sapphire/async-queue@npm:^1.5.0":
  version: 1.5.0
  resolution: "@sapphire/async-queue@npm:1.5.0"
  checksum: 983dbd1fd1b1798496e5edb6a0db7e4d90015160e1028f20475eab0a92625513f1e8d938bc0305811a9cec461c94e01b1e4191615ff03ba49356f568f3255250
  languageName: node
  linkType: hard

"@sapphire/decorators@npm:^6.0.1":
  version: 6.0.1
  resolution: "@sapphire/decorators@npm:6.0.1"
  dependencies:
    tslib: ^2.5.0
  checksum: 348891a24f572eba80e805c30fb517987bf8cdf13318e2f1b0584f61e6fe10027593c0123fe5eff37a815d3a9fefab26c926b73c29a6b672faf9f074ef6b4044
  languageName: node
  linkType: hard

"@sapphire/discord-utilities@npm:^3.0.3":
  version: 3.0.3
  resolution: "@sapphire/discord-utilities@npm:3.0.3"
  dependencies:
    discord-api-types: ^0.37.41
  checksum: 37cc5f206bb5b1b19249f8aa034432e29ac123862442f42e3ec8f9e145219813cde682380530adde1138efdefbfcf3c0d04c1bf730c97dc22b853cd17908104c
  languageName: node
  linkType: hard

"@sapphire/discord.js-utilities@npm:6.0.7":
  version: 6.0.7
  resolution: "@sapphire/discord.js-utilities@npm:6.0.7"
  dependencies:
    "@sapphire/discord-utilities": ^3.0.3
    "@sapphire/duration": ^1.1.0
    "@sapphire/utilities": ^3.11.1
    tslib: ^2.5.0
  checksum: c74d41057caeb66b8c832f783d5a81bbacdefab79c47196f4bf76c4fecf38d5ad4d85b5c55298d153316153343224eb696eb800753413ad49b40a8fc206a747e
  languageName: node
  linkType: hard

"@sapphire/discord.js-utilities@npm:^6.1.0":
  version: 6.1.0
  resolution: "@sapphire/discord.js-utilities@npm:6.1.0"
  dependencies:
    "@sapphire/discord-utilities": ^3.0.3
    "@sapphire/duration": ^1.1.0
    "@sapphire/utilities": ^3.11.1
    tslib: ^2.5.0
  checksum: 988fdc320a111f7574d7ca596295b642198eb7ccbbadebaa7ec3423d4c732f5140b3ba2cdc03e36592cf6669c55c7616ec507cd0237d45860f0e4cc8225fb79f
  languageName: node
  linkType: hard

"@sapphire/duration@npm:^1.1.0":
  version: 1.1.0
  resolution: "@sapphire/duration@npm:1.1.0"
  checksum: bf145249804560e20621fb593110dc4084a7597f04669695250921ccc7ca2e867a1f0a914c3fdfc9d120ee13689668a104b86861f312ffcce293e9551f4359c9
  languageName: node
  linkType: hard

"@sapphire/framework@npm:^4.4.3":
  version: 4.4.3
  resolution: "@sapphire/framework@npm:4.4.3"
  dependencies:
    "@discordjs/builders": ^1.6.3
    "@sapphire/discord-utilities": ^3.0.3
    "@sapphire/discord.js-utilities": 6.0.7
    "@sapphire/lexure": ^1.1.4
    "@sapphire/pieces": ^3.6.3
    "@sapphire/ratelimits": ^2.4.6
    "@sapphire/result": ^2.6.3
    "@sapphire/stopwatch": ^1.5.0
    "@sapphire/utilities": ^3.11.1
  checksum: a7f9b57e2c0178fc533e57cd74630ce8cf43dccd355a6792a79cebeb71e8c1fd2644aba8325aa99db5a13a3b72bb1e30b034a2aaaa36f4cb66a21608786779bf
  languageName: node
  linkType: hard

"@sapphire/lexure@npm:^1.1.4":
  version: 1.1.5
  resolution: "@sapphire/lexure@npm:1.1.5"
  dependencies:
    "@sapphire/result": ^2.6.4
  checksum: 8a17dc6224c1d10f9570b40226dbc12230920d31b1a59fddabdb246fb8e7daefd3842537ff27be9d96030899d49afe29ffb50eb7842b713184e69b4c142fca47
  languageName: node
  linkType: hard

"@sapphire/pieces@npm:^3.6.3":
  version: 3.6.3
  resolution: "@sapphire/pieces@npm:3.6.3"
  dependencies:
    "@discordjs/collection": ^1.5.1
    "@sapphire/utilities": ^3.11.1
    tslib: ^2.5.0
  checksum: cd515b5bdc5f250cfdf6b249e1dc15a41269d9d73a224c15ff3acbc6d311244ed6c517e69c00af1b364316f1e133f43bb920e283eb914fbefaf1e7b61c33a8a1
  languageName: node
  linkType: hard

"@sapphire/plugin-logger@npm:^3.0.4":
  version: 3.0.4
  resolution: "@sapphire/plugin-logger@npm:3.0.4"
  dependencies:
    "@sapphire/timestamp": ^1.0.1
    colorette: ^2.0.20
    tslib: ^2.5.0
  checksum: 8863a121bea5a5bd816a7e52b144dedbfb10057e3532209fe50fb0fb210af58f04310f8ecae268e7945410846cf164bba12b9239a36c4db058f2c03d6b1c9128
  languageName: node
  linkType: hard

"@sapphire/ratelimits@npm:^2.4.6":
  version: 2.4.6
  resolution: "@sapphire/ratelimits@npm:2.4.6"
  checksum: cbec157ea8dc660a8dd045f2d57100289c5eb1ecd9e9bac786b9703cbd9dcea1d39b7d1ea1ca03dac9e266285ddf1767f50195dc7bf88a7cbd5bf25fcca3174f
  languageName: node
  linkType: hard

"@sapphire/result@npm:^2.6.3, @sapphire/result@npm:^2.6.4":
  version: 2.6.4
  resolution: "@sapphire/result@npm:2.6.4"
  checksum: 37d8af05544bf6fcb9b10cf4aa4d60ab0f0798c4e302f4e401f63b1347602b89b10cbbf6fe789681dc2060ad15c3093c96f86dfbee6ac463dba060cb731d7208
  languageName: node
  linkType: hard

"@sapphire/shapeshift@npm:^3.8.2":
  version: 3.9.0
  resolution: "@sapphire/shapeshift@npm:3.9.0"
  dependencies:
    fast-deep-equal: ^3.1.3
    lodash: ^4.17.21
  checksum: 300cb9ac33ce0d2ca4adea37afa4065f8ceb483fdc5110d08335fee2f0c43a48acb4b8e219c3f2c6ef1fc010b272e2dbfd754303cf303ea649ce8372c365a6c4
  languageName: node
  linkType: hard

"@sapphire/snowflake@npm:^3.4.2":
  version: 3.5.1
  resolution: "@sapphire/snowflake@npm:3.5.1"
  checksum: 8fc025020adab1a7a1a5d2cf07704d598cc1977b50e5fcd3a5dd239f00934dc936d3a4d5ae336e71d8bf1d88ec27aa814b34de79e38ff097b7b9ba5a7977a683
  languageName: node
  linkType: hard

"@sapphire/stopwatch@npm:^1.5.0":
  version: 1.5.0
  resolution: "@sapphire/stopwatch@npm:1.5.0"
  dependencies:
    tslib: ^2.4.0
  checksum: 23c013598d87d2fcc797efe5d2409ae6836b9221d79eacc10b7c2a95f9d694b562b7ad027dc49e9e8125095417199385a15317520fec371bdb8cc7622085e3af
  languageName: node
  linkType: hard

"@sapphire/timestamp@npm:^1.0.1":
  version: 1.0.1
  resolution: "@sapphire/timestamp@npm:1.0.1"
  checksum: 40320946cb8fcbbb610b94019882eb39c900b9af87e4a2d173299efaa062921662d950780c273fd44f4ec9877983d725d28f0b999314f338f3bfc0ab3c45a8cb
  languageName: node
  linkType: hard

"@sapphire/ts-config@npm:^4.0.0":
  version: 4.0.0
  resolution: "@sapphire/ts-config@npm:4.0.0"
  dependencies:
    tslib: ^2.5.0
    typescript: ^5.0.3
  checksum: 05ede6d5b34e070302e6671180bf46f20185c0ea0aceb6a3a287a00306a40923e32a104ed6795199529669d5448d3ac280cbe7524f6266efaf3938ecf5f7fb36
  languageName: node
  linkType: hard

"@sapphire/utilities@npm:^3.11.1":
  version: 3.11.2
  resolution: "@sapphire/utilities@npm:3.11.2"
  checksum: af06b3f52156af397a3be564f992bedefd728ea2d44fee8ffdc00242de0454075e722091cc213d4ad2fb4ef5c3b78740bf5e7f75242851d31a56206f51a8f403
  languageName: node
  linkType: hard

"@tokenizer/token@npm:^0.3.0":
  version: 0.3.0
  resolution: "@tokenizer/token@npm:0.3.0"
  checksum: 1d575d02d2a9f0c5a4ca5180635ebd2ad59e0f18b42a65f3d04844148b49b3db35cf00b6012a1af2d59c2ab3caca59451c5689f747ba8667ee586ad717ee58e1
  languageName: node
  linkType: hard

"@types/node@npm:*":
  version: 20.2.0
  resolution: "@types/node@npm:20.2.0"
  checksum: 9b937367448a07482af14e3518125ae531bff99e16d51e0945f4f93dbd7051d8a270811bdeb57f0b52c629fb0c9c401a238a7352dfbc87e26495b6f0f59cbdb6
  languageName: node
  linkType: hard

"@types/ws@npm:^8.5.4":
  version: 8.5.4
  resolution: "@types/ws@npm:8.5.4"
  dependencies:
    "@types/node": "*"
  checksum: fefbad20d211929bb996285c4e6f699b12192548afedbe4930ab4384f8a94577c9cd421acaad163cacd36b88649509970a05a0b8f20615b30c501ed5269038d1
  languageName: node
  linkType: hard

"@vladfrangu/async_event_emitter@npm:^2.2.1":
  version: 2.2.2
  resolution: "@vladfrangu/async_event_emitter@npm:2.2.2"
  checksum: ed948294fea1a2dc8b8f307f4061bf65e2043a946132f288702f0572a806ebe3123b8c7e522e70d2abbd3616f5d67027c9e59df9ef80b0195f7502a848a426ba
  languageName: node
  linkType: hard

"asynckit@npm:^0.4.0":
  version: 0.4.0
  resolution: "asynckit@npm:0.4.0"
  checksum: 7b78c451df768adba04e2d02e63e2d0bf3b07adcd6e42b4cf665cb7ce899bedd344c69a1dcbce355b5f972d597b25aaa1c1742b52cffd9caccb22f348114f6be
  languageName: node
  linkType: hard

"axios-rate-limit@npm:^1.3.0":
  version: 1.3.0
  resolution: "axios-rate-limit@npm:1.3.0"
  peerDependencies:
    axios: "*"
  checksum: 19e963732231d2a0c35c19b0603aa4aeeb55a52bab5edd75908d6df1df86978afb7525b9e79fa17dca281d8d6132072c7f269d9cb90867d0a58da4f713a6dea1
  languageName: node
  linkType: hard

"axios@npm:^1.4.0":
  version: 1.4.0
  resolution: "axios@npm:1.4.0"
  dependencies:
    follow-redirects: ^1.15.0
    form-data: ^4.0.0
    proxy-from-env: ^1.1.0
  checksum: 7fb6a4313bae7f45e89d62c70a800913c303df653f19eafec88e56cea2e3821066b8409bc68be1930ecca80e861c52aa787659df0ffec6ad4d451c7816b9386b
  languageName: node
  linkType: hard

"busboy@npm:^1.6.0":
  version: 1.6.0
  resolution: "busboy@npm:1.6.0"
  dependencies:
    streamsearch: ^1.1.0
  checksum: 32801e2c0164e12106bf236291a00795c3c4e4b709ae02132883fe8478ba2ae23743b11c5735a0aae8afe65ac4b6ca4568b91f0d9fed1fdbc32ede824a73746e
  languageName: node
  linkType: hard

"colorette@npm:^2.0.20":
  version: 2.0.20
  resolution: "colorette@npm:2.0.20"
  checksum: 0c016fea2b91b733eb9f4bcdb580018f52c0bc0979443dad930e5037a968237ac53d9beb98e218d2e9235834f8eebce7f8e080422d6194e957454255bde71d3d
  languageName: node
  linkType: hard

"combined-stream@npm:^1.0.8":
  version: 1.0.8
  resolution: "combined-stream@npm:1.0.8"
  dependencies:
    delayed-stream: ~1.0.0
  checksum: 49fa4aeb4916567e33ea81d088f6584749fc90c7abec76fd516bf1c5aa5c79f3584b5ba3de6b86d26ddd64bae5329c4c7479343250cfe71c75bb366eae53bb7c
  languageName: node
  linkType: hard

"cross-spawn@npm:^7.0.3":
  version: 7.0.3
  resolution: "cross-spawn@npm:7.0.3"
  dependencies:
    path-key: ^3.1.0
    shebang-command: ^2.0.0
    which: ^2.0.1
  checksum: 671cc7c7288c3a8406f3c69a3ae2fc85555c04169e9d611def9a675635472614f1c0ed0ef80955d5b6d4e724f6ced67f0ad1bb006c2ea643488fcfef994d7f52
  languageName: node
  linkType: hard

"delayed-stream@npm:~1.0.0":
  version: 1.0.0
  resolution: "delayed-stream@npm:1.0.0"
  checksum: 46fe6e83e2cb1d85ba50bd52803c68be9bd953282fa7096f51fc29edd5d67ff84ff753c51966061e5ba7cb5e47ef6d36a91924eddb7f3f3483b1c560f77a0020
  languageName: node
  linkType: hard

"discord-api-types@npm:^0.37.41":
  version: 0.37.42
  resolution: "discord-api-types@npm:0.37.42"
  checksum: 3c4f78beae6e18ee8afbaf9e911ccc4ad6b0658c18ea5b95e35f0dc7e56f2cd32b69c16062ab014cce093140ba98d95172e83039cd197fe618873e72a4d26a8b
  languageName: node
  linkType: hard

"discord.js@npm:^14.11.0":
  version: 14.11.0
  resolution: "discord.js@npm:14.11.0"
  dependencies:
    "@discordjs/builders": ^1.6.3
    "@discordjs/collection": ^1.5.1
    "@discordjs/formatters": ^0.3.1
    "@discordjs/rest": ^1.7.1
    "@discordjs/util": ^0.3.1
    "@discordjs/ws": ^0.8.3
    "@sapphire/snowflake": ^3.4.2
    "@types/ws": ^8.5.4
    discord-api-types: ^0.37.41
    fast-deep-equal: ^3.1.3
    lodash.snakecase: ^4.1.1
    tslib: ^2.5.0
    undici: ^5.22.0
    ws: ^8.13.0
  checksum: 63e0a312c4ee89b03bfd16f3d58ff185d1e4cee75aa2d75de7a56d049a0bcddb89e16ae77cb02ddf0272072698d490c6a98959a8a90dd68ac6175a3ee50a191d
  languageName: node
  linkType: hard

"dotenv@npm:^16.0.3":
  version: 16.0.3
  resolution: "dotenv@npm:16.0.3"
  checksum: afcf03f373d7a6d62c7e9afea6328e62851d627a4e73f2e12d0a8deae1cd375892004f3021883f8aec85932cd2834b091f568ced92b4774625b321db83b827f8
  languageName: node
  linkType: hard

"duplexer@npm:~0.1.1":
  version: 0.1.2
  resolution: "duplexer@npm:0.1.2"
  checksum: 62ba61a830c56801db28ff6305c7d289b6dc9f859054e8c982abd8ee0b0a14d2e9a8e7d086ffee12e868d43e2bbe8a964be55ddbd8c8957714c87373c7a4f9b0
  languageName: node
  linkType: hard

"event-stream@npm:=3.3.4":
  version: 3.3.4
  resolution: "event-stream@npm:3.3.4"
  dependencies:
    duplexer: ~0.1.1
    from: ~0
    map-stream: ~0.1.0
    pause-stream: 0.0.11
    split: 0.3
    stream-combiner: ~0.0.4
    through: ~2.3.1
  checksum: 80b467820b6daf824d9fb4345d2daf115a056e5c104463f2e98534e92d196a27f2df5ea2aa085624db26f4c45698905499e881d13bc7c01f7a13eac85be72a22
  languageName: node
  linkType: hard

"fast-deep-equal@npm:^3.1.3":
  version: 3.1.3
  resolution: "fast-deep-equal@npm:3.1.3"
  checksum: e21a9d8d84f53493b6aa15efc9cfd53dd5b714a1f23f67fb5dc8f574af80df889b3bce25dc081887c6d25457cce704e636395333abad896ccdec03abaf1f3f9d
  languageName: node
  linkType: hard

"file-type@npm:^18.3.0":
  version: 18.4.0
  resolution: "file-type@npm:18.4.0"
  dependencies:
    readable-web-to-node-stream: ^3.0.2
    strtok3: ^7.0.0
    token-types: ^5.0.1
  checksum: 191aa44b662417d496efc51bfb061da4c51cddfe2e3f7467b580964c3d83dbd88f76662368ea231a84d489a7d8cfc0bc2df9fefc439b519c2e6ddc498122dae0
  languageName: node
  linkType: hard

"follow-redirects@npm:^1.15.0":
  version: 1.15.2
  resolution: "follow-redirects@npm:1.15.2"
  peerDependenciesMeta:
    debug:
      optional: true
  checksum: faa66059b66358ba65c234c2f2a37fcec029dc22775f35d9ad6abac56003268baf41e55f9ee645957b32c7d9f62baf1f0b906e68267276f54ec4b4c597c2b190
  languageName: node
  linkType: hard

"form-data@npm:^4.0.0":
  version: 4.0.0
  resolution: "form-data@npm:4.0.0"
  dependencies:
    asynckit: ^0.4.0
    combined-stream: ^1.0.8
    mime-types: ^2.1.12
  checksum: 01135bf8675f9d5c61ff18e2e2932f719ca4de964e3be90ef4c36aacfc7b9cb2fceb5eca0b7e0190e3383fe51c5b37f4cb80b62ca06a99aaabfcfd6ac7c9328c
  languageName: node
  linkType: hard

"from@npm:~0":
  version: 0.1.7
  resolution: "from@npm:0.1.7"
  checksum: b85125b7890489656eb2e4f208f7654a93ec26e3aefaf3bbbcc0d496fc1941e4405834fcc9fe7333192aa2187905510ace70417bbf9ac6f6f4784a731d986939
  languageName: node
  linkType: hard

"ieee754@npm:^1.2.1":
  version: 1.2.1
  resolution: "ieee754@npm:1.2.1"
  checksum: 5144c0c9815e54ada181d80a0b810221a253562422e7c6c3a60b1901154184f49326ec239d618c416c1c5945a2e197107aee8d986a3dd836b53dffefd99b5e7e
  languageName: node
  linkType: hard

"inherits@npm:^2.0.3":
  version: 2.0.4
  resolution: "inherits@npm:2.0.4"
  checksum: 4a48a733847879d6cf6691860a6b1e3f0f4754176e4d71494c41f3475553768b10f84b5ce1d40fbd0e34e6bfbb864ee35858ad4dd2cf31e02fc4a154b724d7f1
  languageName: node
  linkType: hard

"isexe@npm:^2.0.0":
  version: 2.0.0
  resolution: "isexe@npm:2.0.0"
  checksum: 26bf6c5480dda5161c820c5b5c751ae1e766c587b1f951ea3fcfc973bafb7831ae5b54a31a69bd670220e42e99ec154475025a468eae58ea262f813fdc8d1c62
  languageName: node
  linkType: hard

"lodash.snakecase@npm:^4.1.1":
  version: 4.1.1
  resolution: "lodash.snakecase@npm:4.1.1"
  checksum: 1685ed3e83dda6eae5a4dcaee161a51cd210aabb3e1c09c57150e7dd8feda19e4ca0d27d0631eabe8d0f4eaa51e376da64e8c018ae5415417c5890d42feb72a8
  languageName: node
  linkType: hard

"lodash@npm:^4.17.21":
  version: 4.17.21
  resolution: "lodash@npm:4.17.21"
  checksum: eb835a2e51d381e561e508ce932ea50a8e5a68f4ebdd771ea240d3048244a8d13658acbd502cd4829768c56f2e16bdd4340b9ea141297d472517b83868e677f7
  languageName: node
  linkType: hard

"map-stream@npm:~0.1.0":
  version: 0.1.0
  resolution: "map-stream@npm:0.1.0"
  checksum: 38abbe4eb883888031e6b2fc0630bc583c99396be16b8ace5794b937b682a8a081f03e8b15bfd4914d1bc88318f0e9ac73ba3512ae65955cd449f63256ddb31d
  languageName: node
  linkType: hard

"mime-db@npm:1.52.0":
  version: 1.52.0
  resolution: "mime-db@npm:1.52.0"
  checksum: 0d99a03585f8b39d68182803b12ac601d9c01abfa28ec56204fa330bc9f3d1c5e14beb049bafadb3dbdf646dfb94b87e24d4ec7b31b7279ef906a8ea9b6a513f
  languageName: node
  linkType: hard

"mime-types@npm:^2.1.12":
  version: 2.1.35
  resolution: "mime-types@npm:2.1.35"
  dependencies:
    mime-db: 1.52.0
  checksum: 89a5b7f1def9f3af5dad6496c5ed50191ae4331cc5389d7c521c8ad28d5fdad2d06fd81baf38fed813dc4e46bb55c8145bb0ff406330818c9cf712fb2e9b3836
  languageName: node
  linkType: hard

"node-cleanup@npm:^2.1.2":
  version: 2.1.2
  resolution: "node-cleanup@npm:2.1.2"
  checksum: 584cdc3e42560a998b4579f91ed8f936b27011628f3102e5a1093205f0691cdf8d899287d1f2e4d2071ea4ab1d615810bad6dbe2b988ef173a1cbaa76d8165b3
  languageName: node
  linkType: hard

"path-key@npm:^3.1.0":
  version: 3.1.1
  resolution: "path-key@npm:3.1.1"
  checksum: 55cd7a9dd4b343412a8386a743f9c746ef196e57c823d90ca3ab917f90ab9f13dd0ded27252ba49dbdfcab2b091d998bc446f6220cd3cea65db407502a740020
  languageName: node
  linkType: hard

"pause-stream@npm:0.0.11":
  version: 0.0.11
  resolution: "pause-stream@npm:0.0.11"
  dependencies:
    through: ~2.3
  checksum: 3c4a14052a638b92e0c96eb00c0d7977df7f79ea28395250c525d197f1fc02d34ce1165d5362e2e6ebbb251524b94a76f3f0d4abc39ab8b016d97449fe15583c
  languageName: node
  linkType: hard

"peek-readable@npm:^5.0.0":
  version: 5.0.0
  resolution: "peek-readable@npm:5.0.0"
  checksum: bef5ceb50586eb42e14efba274ac57ffe97f0ed272df9239ce029f688f495d9bf74b2886fa27847c706a9db33acda4b7d23bbd09a2d21eb4c2a54da915117414
  languageName: node
  linkType: hard

"proxy-from-env@npm:^1.1.0":
  version: 1.1.0
  resolution: "proxy-from-env@npm:1.1.0"
  checksum: ed7fcc2ba0a33404958e34d95d18638249a68c430e30fcb6c478497d72739ba64ce9810a24f53a7d921d0c065e5b78e3822759800698167256b04659366ca4d4
  languageName: node
  linkType: hard

"ps-tree@npm:^1.2.0":
  version: 1.2.0
  resolution: "ps-tree@npm:1.2.0"
  dependencies:
    event-stream: =3.3.4
  bin:
    ps-tree: ./bin/ps-tree.js
  checksum: e635dd00f53d30d31696cf5f95b3a8dbdf9b1aeb36d4391578ce8e8cd22949b7c5536c73b0dc18c78615ea3ddd4be96101166be59ca2e3e3cb1e2f79ba3c7f98
  languageName: node
  linkType: hard

"readable-stream@npm:^3.6.0":
  version: 3.6.2
  resolution: "readable-stream@npm:3.6.2"
  dependencies:
    inherits: ^2.0.3
    string_decoder: ^1.1.1
    util-deprecate: ^1.0.1
  checksum: bdcbe6c22e846b6af075e32cf8f4751c2576238c5043169a1c221c92ee2878458a816a4ea33f4c67623c0b6827c8a400409bfb3cf0bf3381392d0b1dfb52ac8d
  languageName: node
  linkType: hard

"readable-web-to-node-stream@npm:^3.0.2":
  version: 3.0.2
  resolution: "readable-web-to-node-stream@npm:3.0.2"
  dependencies:
    readable-stream: ^3.6.0
  checksum: 8c56cc62c68513425ddfa721954875b382768f83fa20e6b31e365ee00cbe7a3d6296f66f7f1107b16cd3416d33aa9f1680475376400d62a081a88f81f0ea7f9c
  languageName: node
  linkType: hard

"safe-buffer@npm:~5.2.0":
  version: 5.2.1
  resolution: "safe-buffer@npm:5.2.1"
  checksum: b99c4b41fdd67a6aaf280fcd05e9ffb0813654894223afb78a31f14a19ad220bba8aba1cb14eddce1fcfb037155fe6de4e861784eb434f7d11ed58d1e70dd491
  languageName: node
  linkType: hard

"shebang-command@npm:^2.0.0":
  version: 2.0.0
  resolution: "shebang-command@npm:2.0.0"
  dependencies:
    shebang-regex: ^3.0.0
  checksum: 6b52fe87271c12968f6a054e60f6bde5f0f3d2db483a1e5c3e12d657c488a15474121a1d55cd958f6df026a54374ec38a4a963988c213b7570e1d51575cea7fa
  languageName: node
  linkType: hard

"shebang-regex@npm:^3.0.0":
  version: 3.0.0
  resolution: "shebang-regex@npm:3.0.0"
  checksum: 1a2bcae50de99034fcd92ad4212d8e01eedf52c7ec7830eedcf886622804fe36884278f2be8be0ea5fde3fd1c23911643a4e0f726c8685b61871c8908af01222
  languageName: node
  linkType: hard

"split@npm:0.3":
  version: 0.3.3
  resolution: "split@npm:0.3.3"
  dependencies:
    through: 2
  checksum: 2e076634c9637cfdc54ab4387b6a243b8c33b360874a25adf6f327a5647f07cb3bf1c755d515248eb3afee4e382278d01f62c62d87263c118f28065b86f74f02
  languageName: node
  linkType: hard

"stream-combiner@npm:~0.0.4":
  version: 0.0.4
  resolution: "stream-combiner@npm:0.0.4"
  dependencies:
    duplexer: ~0.1.1
  checksum: 844b622cfe8b9de45a6007404f613b60aaf85200ab9862299066204242f89a7c8033b1c356c998aa6cfc630f6cd9eba119ec1c6dc1f93e245982be4a847aee7d
  languageName: node
  linkType: hard

"streamsearch@npm:^1.1.0":
  version: 1.1.0
  resolution: "streamsearch@npm:1.1.0"
  checksum: 1cce16cea8405d7a233d32ca5e00a00169cc0e19fbc02aa839959985f267335d435c07f96e5e0edd0eadc6d39c98d5435fb5bbbdefc62c41834eadc5622ad942
  languageName: node
  linkType: hard

"string-argv@npm:^0.3.1":
  version: 0.3.2
  resolution: "string-argv@npm:0.3.2"
  checksum: 8703ad3f3db0b2641ed2adbb15cf24d3945070d9a751f9e74a924966db9f325ac755169007233e8985a39a6a292f14d4fee20482989b89b96e473c4221508a0f
  languageName: node
  linkType: hard

"string_decoder@npm:^1.1.1":
  version: 1.3.0
  resolution: "string_decoder@npm:1.3.0"
  dependencies:
    safe-buffer: ~5.2.0
  checksum: 8417646695a66e73aefc4420eb3b84cc9ffd89572861fe004e6aeb13c7bc00e2f616247505d2dbbef24247c372f70268f594af7126f43548565c68c117bdeb56
  languageName: node
  linkType: hard

"strtok3@npm:^7.0.0":
  version: 7.0.0
  resolution: "strtok3@npm:7.0.0"
  dependencies:
    "@tokenizer/token": ^0.3.0
    peek-readable: ^5.0.0
  checksum: 2ebe7ad8f2aea611dec6742cf6a42e82764892a362907f7ce493faf334501bf981ce21c828dcc300457e6d460dc9c34d644ededb3b01dcb9e37559203cf1748c
  languageName: node
  linkType: hard

"through@npm:2, through@npm:~2.3, through@npm:~2.3.1":
  version: 2.3.8
  resolution: "through@npm:2.3.8"
  checksum: a38c3e059853c494af95d50c072b83f8b676a9ba2818dcc5b108ef252230735c54e0185437618596c790bbba8fcdaef5b290405981ffa09dce67b1f1bf190cbd
  languageName: node
  linkType: hard

"token-types@npm:^5.0.1":
  version: 5.0.1
  resolution: "token-types@npm:5.0.1"
  dependencies:
    "@tokenizer/token": ^0.3.0
    ieee754: ^1.2.1
  checksum: 32780123bc6ce8b6a2231d860445c994a02a720abf38df5583ea957aa6626873cd1c4dd8af62314da4cf16ede00c379a765707a3b06f04b8808c38efdae1c785
  languageName: node
  linkType: hard

"ts-mixer@npm:^6.0.3":
  version: 6.0.3
  resolution: "ts-mixer@npm:6.0.3"
  checksum: 7fbaba0a413bf817835a6a23d46bccf4192dd4d7345b6bae9d594c88acffac35bf4995ef3cce753090c8abcdf2afd16dba8899365584a1f960ccc2a15bf2e2d6
  languageName: node
  linkType: hard

"tsc-watch@npm:^6.0.4":
  version: 6.0.4
  resolution: "tsc-watch@npm:6.0.4"
  dependencies:
    cross-spawn: ^7.0.3
    node-cleanup: ^2.1.2
    ps-tree: ^1.2.0
    string-argv: ^0.3.1
  peerDependencies:
    typescript: "*"
  bin:
    tsc-watch: dist/lib/tsc-watch.js
  checksum: f7bf7eefbc5a8bbf7c989edd1e5199ac95ad1654b11ea39bfe7fc2e5a83480926928bd405aebe2cbd783fc6ffac521b9ad650cb300d51d4a9b616b7c69da02da
  languageName: node
  linkType: hard

"tslib@npm:^2.4.0, tslib@npm:^2.5.0":
  version: 2.5.1
  resolution: "tslib@npm:2.5.1"
  checksum: 535e41e956b32d21aeff007a2c74989d1a6bf3fecb2b0141d80e5b9920bf90e23b4f0cd3772704bc03637c762dbdc1a314d75a407dd7189afbe3e83d80df9392
  languageName: node
  linkType: hard

"typescript@npm:^5.0.3, typescript@npm:^5.0.4":
  version: 5.0.4
  resolution: "typescript@npm:5.0.4"
  bin:
    tsc: bin/tsc
    tsserver: bin/tsserver
  checksum: 82b94da3f4604a8946da585f7d6c3025fff8410779e5bde2855ab130d05e4fd08938b9e593b6ebed165bda6ad9292b230984f10952cf82f0a0ca07bbeaa08172
  languageName: node
  linkType: hard

"typescript@patch:typescript@^5.0.3#~builtin<compat/typescript>, typescript@patch:typescript@^5.0.4#~builtin<compat/typescript>":
  version: 5.0.4
  resolution: "typescript@patch:typescript@npm%3A5.0.4#~builtin<compat/typescript>::version=5.0.4&hash=b5f058"
  bin:
    tsc: bin/tsc
    tsserver: bin/tsserver
  checksum: d26b6ba97b6d163c55dbdffd9bbb4c211667ebebc743accfeb2c8c0154aace7afd097b51165a72a5bad2cf65a4612259344ff60f8e642362aa1695c760d303ac
  languageName: node
  linkType: hard

"undici@npm:^5.22.0":
  version: 5.22.1
  resolution: "undici@npm:5.22.1"
  dependencies:
    busboy: ^1.6.0
  checksum: 048a3365f622be44fb319316cedfaa241c59cf7f3368ae7667a12323447e1822e8cc3d00f6956c852d1478a6fde1cbbe753f49e05f2fdaed229693e716ebaf35
  languageName: node
  linkType: hard

"util-deprecate@npm:^1.0.1":
  version: 1.0.2
  resolution: "util-deprecate@npm:1.0.2"
  checksum: 474acf1146cb2701fe3b074892217553dfcf9a031280919ba1b8d651a068c9b15d863b7303cb15bd00a862b498e6cf4ad7b4a08fb134edd5a6f7641681cb54a2
  languageName: node
  linkType: hard

"vexibot@workspace:.":
  version: 0.0.0-use.local
  resolution: "vexibot@workspace:."
  dependencies:
    "@robotevents/client": ^1.1.2
    "@sapphire/decorators": ^6.0.1
    "@sapphire/discord.js-utilities": ^6.1.0
    "@sapphire/framework": ^4.4.3
    "@sapphire/plugin-logger": ^3.0.4
    "@sapphire/ts-config": ^4.0.0
    colorette: ^2.0.20
    discord.js: ^14.11.0
    dotenv: ^16.0.3
    tsc-watch: ^6.0.4
    typescript: ^5.0.4
  languageName: unknown
  linkType: soft

"which@npm:^2.0.1":
  version: 2.0.2
  resolution: "which@npm:2.0.2"
  dependencies:
    isexe: ^2.0.0
  bin:
    node-which: ./bin/node-which
  checksum: 1a5c563d3c1b52d5f893c8b61afe11abc3bab4afac492e8da5bde69d550de701cf9806235f20a47b5c8fa8a1d6a9135841de2596535e998027a54589000e66d1
  languageName: node
  linkType: hard

"ws@npm:^8.13.0":
  version: 8.13.0
  resolution: "ws@npm:8.13.0"
  peerDependencies:
    bufferutil: ^4.0.1
    utf-8-validate: ">=5.0.2"
  peerDependenciesMeta:
    bufferutil:
      optional: true
    utf-8-validate:
      optional: true
  checksum: 53e991bbf928faf5dc6efac9b8eb9ab6497c69feeb94f963d648b7a3530a720b19ec2e0ec037344257e05a4f35bd9ad04d9de6f289615ffb133282031b18c61c
  languageName: node
  linkType: hard
